
Microsoft Visual Studio Solution File, Format Version 12.00
# Visual Studio Version 17
VisualStudioVersion = 17.6.33829.357
MinimumVisualStudioVersion = 10.0.40219.1
Project("{2150E333-8FDC-42A3-9474-1A3956D46DE8}") = "GDK", "GDK", "{165723E8-FF20-4427-A84B-68E05765C9AC}"
EndProject
Project("{8BC9CEB8-8B4A-11D0-8D11-00A0C91BC942}") = "Microsoft.Xbox.Services.142.GDK.C", "Build\Microsoft.Xbox.Services.142.GDK.C\Microsoft.Xbox.Services.142.GDK.C.vcxproj", "{60139F62-BF37-4F11-BD93-5FBF4E92100C}"
EndProject
Project("{8BC9CEB8-8B4A-11D0-8D11-00A0C91BC942}") = "libHttpClient.GDK", "External\xal\External\libHttpClient\Build\libHttpClient.GDK\libHttpClient.GDK.vcxproj", "{A5A6E02A-21BA-4D55-9FB9-7B24DEDD3743}"
EndProject
Project("{8BC9CEB8-8B4A-11D0-8D11-00A0C91BC942}") = "Microsoft.Xbox.Services.GDK", "Build\Microsoft.Xbox.Services.GDK\Microsoft.Xbox.Services.GDK.vcxitems", "{1E320494-894E-4FEB-90CA-DF4FE20499F4}"
EndProject
Project("{2150E333-8FDC-42A3-9474-1A3956D46DE8}") = "Props", "Props", "{68CC03E1-1625-450A-B3EF-AC356E5F5A69}"
	ProjectSection(SolutionItems) = preProject
		External\xal\External\libHttpClient\Build\libHttpClient.GDK.props = External\xal\External\libHttpClient\Build\libHttpClient.GDK.props
		External\xal\External\libHttpClient\Build\libHttpClient.paths.props = External\xal\External\libHttpClient\Build\libHttpClient.paths.props
		External\xal\External\libHttpClient\libHttpClient.props = External\xal\External\libHttpClient\libHttpClient.props
		External\xal\External\libHttpClient\platform_select.props = External\xal\External\libHttpClient\platform_select.props
		Build\xsapi.gdk.bwoi.props = Build\xsapi.gdk.bwoi.props
		Build\xsapi.gdk.props = Build\xsapi.gdk.props
		xsapi.paths.props = xsapi.paths.props
		xsapi.staticlib.props = xsapi.staticlib.props
	EndProjectSection
EndProject
Project("{2150E333-8FDC-42A3-9474-1A3956D46DE8}") = "Common", "Common", "{8280F3FB-83FF-4351-A5F3-55E806F4D2D8}"
EndProject
Project("{8BC9CEB8-8B4A-11D0-8D11-00A0C91BC942}") = "Microsoft.Xbox.Services.Common", "Build\Microsoft.Xbox.Services.Common\Microsoft.Xbox.Services.Common.vcxitems", "{CF3350E5-00A2-4647-A996-BAF7542B0327}"
EndProject
Project("{8BC9CEB8-8B4A-11D0-8D11-00A0C91BC942}") = "Microsoft.Xbox.Services.GDK.C.Thunks", "Build\Microsoft.Xbox.Services.GDK.C.Thunks\Microsoft.Xbox.Services.GDK.C.Thunks.vcxproj", "{6AA78AA9-78A5-40C0-828F-5933AF847111}"
EndProject
Global
	GlobalSection(SharedMSBuildProjectFiles) = preSolution
		Build\Microsoft.Xbox.Services.GDK\Microsoft.Xbox.Services.GDK.vcxitems*{1e320494-894e-4feb-90ca-df4fe20499f4}*SharedItemsImports = 9
		Build\Microsoft.Xbox.Services.Common\Microsoft.Xbox.Services.Common.vcxitems*{60139f62-bf37-4f11-bd93-5fbf4e92100c}*SharedItemsImports = 4
		Build\Microsoft.Xbox.Services.GDK\Microsoft.Xbox.Services.GDK.vcxitems*{60139f62-bf37-4f11-bd93-5fbf4e92100c}*SharedItemsImports = 4
		External\Xal\External\libHttpClient\Build\libHttpClient.Common\libHttpClient.Common.vcxitems*{a5a6e02a-21ba-4d55-9fb9-7b24dedd3743}*SharedItemsImports = 4
		External\Xal\External\libHttpClient\Build\libHttpClient.GDK.Shared\libHttpClient.GDK.Shared.vcxitems*{a5a6e02a-21ba-4d55-9fb9-7b24dedd3743}*SharedItemsImports = 4
		Build\Microsoft.Xbox.Services.Common\Microsoft.Xbox.Services.Common.vcxitems*{cf3350e5-00a2-4647-a996-baf7542b0327}*SharedItemsImports = 9
	EndGlobalSection
	GlobalSection(SolutionConfigurationPlatforms) = preSolution
		Debug|Gaming.Desktop.x64 = Debug|Gaming.Desktop.x64
		Debug|Gaming.Xbox.Scarlett.x64 = Debug|Gaming.Xbox.Scarlett.x64
		Debug|Gaming.Xbox.XboxOne.x64 = Debug|Gaming.Xbox.XboxOne.x64
		Release|Gaming.Desktop.x64 = Release|Gaming.Desktop.x64
		Release|Gaming.Xbox.Scarlett.x64 = Release|Gaming.Xbox.Scarlett.x64
		Release|Gaming.Xbox.XboxOne.x64 = Release|Gaming.Xbox.XboxOne.x64
	EndGlobalSection
	GlobalSection(ProjectConfigurationPlatforms) = postSolution
		{60139F62-BF37-4F11-BD93-5FBF4E92100C}.Debug|Gaming.Desktop.x64.ActiveCfg = Debug|Gaming.Desktop.x64
		{60139F62-BF37-4F11-BD93-5FBF4E92100C}.Debug|Gaming.Desktop.x64.Build.0 = Debug|Gaming.Desktop.x64
		{60139F62-BF37-4F11-BD93-5FBF4E92100C}.Debug|Gaming.Xbox.Scarlett.x64.ActiveCfg = Debug|Gaming.Desktop.x64
		{60139F62-BF37-4F11-BD93-5FBF4E92100C}.Debug|Gaming.Xbox.Scarlett.x64.Build.0 = Debug|Gaming.Desktop.x64
		{60139F62-BF37-4F11-BD93-5FBF4E92100C}.Debug|Gaming.Xbox.XboxOne.x64.ActiveCfg = Debug|Gaming.Desktop.x64
		{60139F62-BF37-4F11-BD93-5FBF4E92100C}.Debug|Gaming.Xbox.XboxOne.x64.Build.0 = Debug|Gaming.Desktop.x64
		{60139F62-BF37-4F11-BD93-5FBF4E92100C}.Release|Gaming.Desktop.x64.ActiveCfg = Release|Gaming.Desktop.x64
		{60139F62-BF37-4F11-BD93-5FBF4E92100C}.Release|Gaming.Desktop.x64.Build.0 = Release|Gaming.Desktop.x64
		{60139F62-BF37-4F11-BD93-5FBF4E92100C}.Release|Gaming.Xbox.Scarlett.x64.ActiveCfg = Release|Gaming.Desktop.x64
		{60139F62-BF37-4F11-BD93-5FBF4E92100C}.Release|Gaming.Xbox.Scarlett.x64.Build.0 = Release|Gaming.Desktop.x64
		{60139F62-BF37-4F11-BD93-5FBF4E92100C}.Release|Gaming.Xbox.XboxOne.x64.ActiveCfg = Release|Gaming.Desktop.x64
		{60139F62-BF37-4F11-BD93-5FBF4E92100C}.Release|Gaming.Xbox.XboxOne.x64.Build.0 = Release|Gaming.Desktop.x64
		{A5A6E02A-21BA-4D55-9FB9-7B24DEDD3743}.Debug|Gaming.Desktop.x64.ActiveCfg = Debug|Gaming.Desktop.x64
		{A5A6E02A-21BA-4D55-9FB9-7B24DEDD3743}.Debug|Gaming.Desktop.x64.Build.0 = Debug|Gaming.Desktop.x64
		{A5A6E02A-21BA-4D55-9FB9-7B24DEDD3743}.Debug|Gaming.Xbox.Scarlett.x64.ActiveCfg = Debug|Gaming.Desktop.x64
		{A5A6E02A-21BA-4D55-9FB9-7B24DEDD3743}.Debug|Gaming.Xbox.XboxOne.x64.ActiveCfg = Debug|Gaming.Desktop.x64
		{A5A6E02A-21BA-4D55-9FB9-7B24DEDD3743}.Release|Gaming.Desktop.x64.ActiveCfg = Release|Gaming.Desktop.x64
		{A5A6E02A-21BA-4D55-9FB9-7B24DEDD3743}.Release|Gaming.Desktop.x64.Build.0 = Release|Gaming.Desktop.x64
		{A5A6E02A-21BA-4D55-9FB9-7B24DEDD3743}.Release|Gaming.Xbox.Scarlett.x64.ActiveCfg = Release|Gaming.Desktop.x64
		{A5A6E02A-21BA-4D55-9FB9-7B24DEDD3743}.Release|Gaming.Xbox.XboxOne.x64.ActiveCfg = Release|Gaming.Desktop.x64
		{6AA78AA9-78A5-40C0-828F-5933AF847111}.Debug|Gaming.Desktop.x64.ActiveCfg = Debug|Gaming.Desktop.x64
		{6AA78AA9-78A5-40C0-828F-5933AF847111}.Debug|Gaming.Desktop.x64.Build.0 = Debug|Gaming.Desktop.x64
		{6AA78AA9-78A5-40C0-828F-5933AF847111}.Debug|Gaming.Xbox.Scarlett.x64.ActiveCfg = Debug|Gaming.Desktop.x64
		{6AA78AA9-78A5-40C0-828F-5933AF847111}.Debug|Gaming.Xbox.Scarlett.x64.Build.0 = Debug|Gaming.Desktop.x64
		{6AA78AA9-78A5-40C0-828F-5933AF847111}.Debug|Gaming.Xbox.XboxOne.x64.ActiveCfg = Debug|Gaming.Desktop.x64
		{6AA78AA9-78A5-40C0-828F-5933AF847111}.Debug|Gaming.Xbox.XboxOne.x64.Build.0 = Debug|Gaming.Desktop.x64
		{6AA78AA9-78A5-40C0-828F-5933AF847111}.Release|Gaming.Desktop.x64.ActiveCfg = Release|Gaming.Desktop.x64
		{6AA78AA9-78A5-40C0-828F-5933AF847111}.Release|Gaming.Desktop.x64.Build.0 = Release|Gaming.Desktop.x64
		{6AA78AA9-78A5-40C0-828F-5933AF847111}.Release|Gaming.Xbox.Scarlett.x64.ActiveCfg = Release|Gaming.Desktop.x64
		{6AA78AA9-78A5-40C0-828F-5933AF847111}.Release|Gaming.Xbox.Scarlett.x64.Build.0 = Release|Gaming.Desktop.x64
		{6AA78AA9-78A5-40C0-828F-5933AF847111}.Release|Gaming.Xbox.XboxOne.x64.ActiveCfg = Release|Gaming.Desktop.x64
		{6AA78AA9-78A5-40C0-828F-5933AF847111}.Release|Gaming.Xbox.XboxOne.x64.Build.0 = Release|Gaming.Desktop.x64
	EndGlobalSection
	GlobalSection(SolutionProperties) = preSolution
		HideSolutionNode = FALSE
	EndGlobalSection
	GlobalSection(NestedProjects) = preSolution
		{60139F62-BF37-4F11-BD93-5FBF4E92100C} = {165723E8-FF20-4427-A84B-68E05765C9AC}
		{A5A6E02A-21BA-4D55-9FB9-7B24DEDD3743} = {165723E8-FF20-4427-A84B-68E05765C9AC}
		{1E320494-894E-4FEB-90CA-DF4FE20499F4} = {165723E8-FF20-4427-A84B-68E05765C9AC}
		{CF3350E5-00A2-4647-A996-BAF7542B0327} = {8280F3FB-83FF-4351-A5F3-55E806F4D2D8}
		{6AA78AA9-78A5-40C0-828F-5933AF847111} = {165723E8-FF20-4427-A84B-68E05765C9AC}
	EndGlobalSection
	GlobalSection(ExtensibilityGlobals) = postSolution
		SolutionGuid = {AB434E05-34C8-4B45-BE86-E363CCF8DD76}
	EndGlobalSection
EndGlobal
