Microsoft Visual Studio Solution File, Format Version 12.00
# Visual Studio Version 17
VisualStudioVersion = 17.6.33829.357
MinimumVisualStudioVersion = 10.0.40219.1
Project("{2150E333-8FDC-42A3-9474-1A3956D46DE8}") = "GDK", "GDK", "{C9C47451-FCA6-4B7F-9BD0-20AD3B119737}"
EndProject
Project("{8BC9CEB8-8B4A-11D0-8D11-00A0C91BC942}") = "APIExplorer.Shared", "Tests\APIExplorer\APIExplorer.Shared.vcxitems", "{CBC0BEC4-131D-4868-9345-71813557FB39}"
EndProject
Project("{2150E333-8FDC-42A3-9474-1A3956D46DE8}") = "Tests", "Tests", "{DC381015-B171-4DA5-B7FA-7CDE8196C6D3}"
EndProject
Project("{8BC9CEB8-8B4A-11D0-8D11-00A0C91BC942}") = "Microsoft.Xbox.Services.142.GDK.C", "Build\Microsoft.Xbox.Services.142.GDK.C\Microsoft.Xbox.Services.142.GDK.C.vcxproj", "{60139F62-BF37-4F11-BD93-5FBF4E92100C}"
EndProject
Project("{8BC9CEB8-8B4A-11D0-8D11-00A0C91BC942}") = "DirectXTK12", "Tests\GDK\APIRunner.GDK\Kits\DirectXTK12\DirectXTK12_GDK_2017.vcxproj", "{052C4858-C76F-4CEA-8A1A-E8E5559E67C2}"
EndProject
Project("{8BC9CEB8-8B4A-11D0-8D11-00A0C91BC942}") = "APIRunner.143.GDK.Src", "Tests\GDK\APIRunner.GDK\APIRunner.143.GDK.Src.vcxproj", "{46F31A54-4C74-41A8-B294-26B5689E51EF}"
EndProject
Project("{2150E333-8FDC-42A3-9474-1A3956D46DE8}") = "Props", "Props", "{E10FED00-36AB-4B26-8945-3E7D996C955C}"
	ProjectSection(SolutionItems) = preProject
		External\xal\External\libHttpClient\Build\libHttpClient.GDK.props = External\xal\External\libHttpClient\Build\libHttpClient.GDK.props
		External\xal\External\libHttpClient\libHttpClient.props = External\xal\External\libHttpClient\libHttpClient.props
		External\xal\External\libHttpClient\platform_select.props = External\xal\External\libHttpClient\platform_select.props
		Build\xsapi.gdk.bwoi.props = Build\xsapi.gdk.bwoi.props
		Build\xsapi.gdk.props = Build\xsapi.gdk.props
		xsapi.paths.props = xsapi.paths.props
		xsapi.staticlib.props = xsapi.staticlib.props
	EndProjectSection
EndProject
Project("{8BC9CEB8-8B4A-11D0-8D11-00A0C91BC942}") = "libHttpClient.GDK", "External\xal\External\libHttpClient\Build\libHttpClient.GDK\libHttpClient.GDK.vcxproj", "{A5A6E02A-21BA-4D55-9FB9-7B24DEDD3743}"
EndProject
Project("{8BC9CEB8-8B4A-11D0-8D11-00A0C91BC942}") = "Microsoft.Xbox.Services.GDK", "Build\Microsoft.Xbox.Services.GDK\Microsoft.Xbox.Services.GDK.vcxitems", "{1E320494-894E-4FEB-90CA-DF4FE20499F4}"
EndProject
Project("{8BC9CEB8-8B4A-11D0-8D11-00A0C91BC942}") = "Microsoft.Xbox.Services.Common", "Build\Microsoft.Xbox.Services.Common\Microsoft.Xbox.Services.Common.vcxitems", "{CF3350E5-00A2-4647-A996-BAF7542B0327}"
EndProject
Project("{2150E333-8FDC-42A3-9474-1A3956D46DE8}") = "Common", "Common", "{E4213904-77D5-4847-B858-0938BF96064C}"
EndProject
Global
	GlobalSection(SolutionConfigurationPlatforms) = preSolution
		Debug|Any CPU = Debug|Any CPU
		Debug|ARM = Debug|ARM
		Debug|ARM64 = Debug|ARM64
		Debug|Gaming.Desktop.x64 = Debug|Gaming.Desktop.x64
		Debug|Gaming.Xbox.Scarlett.x64 = Debug|Gaming.Xbox.Scarlett.x64
		Debug|Gaming.Xbox.XboxOne.x64 = Debug|Gaming.Xbox.XboxOne.x64
		Debug|x64 = Debug|x64
		Debug|x86 = Debug|x86
		Profile|Any CPU = Profile|Any CPU
		Profile|ARM = Profile|ARM
		Profile|ARM64 = Profile|ARM64
		Profile|Gaming.Desktop.x64 = Profile|Gaming.Desktop.x64
		Profile|Gaming.Xbox.Scarlett.x64 = Profile|Gaming.Xbox.Scarlett.x64
		Profile|Gaming.Xbox.XboxOne.x64 = Profile|Gaming.Xbox.XboxOne.x64
		Profile|x64 = Profile|x64
		Profile|x86 = Profile|x86
		Release|Any CPU = Release|Any CPU
		Release|ARM = Release|ARM
		Release|ARM64 = Release|ARM64
		Release|Gaming.Desktop.x64 = Release|Gaming.Desktop.x64
		Release|Gaming.Xbox.Scarlett.x64 = Release|Gaming.Xbox.Scarlett.x64
		Release|Gaming.Xbox.XboxOne.x64 = Release|Gaming.Xbox.XboxOne.x64
		Release|x64 = Release|x64
		Release|x86 = Release|x86
	EndGlobalSection
	GlobalSection(ProjectConfigurationPlatforms) = postSolution
		{60139F62-BF37-4F11-BD93-5FBF4E92100C}.Debug|Any CPU.ActiveCfg = Debug|Gaming.Desktop.x64
		{60139F62-BF37-4F11-BD93-5FBF4E92100C}.Debug|ARM.ActiveCfg = Debug|Gaming.Desktop.x64
		{60139F62-BF37-4F11-BD93-5FBF4E92100C}.Debug|ARM64.ActiveCfg = Debug|Gaming.Desktop.x64
		{60139F62-BF37-4F11-BD93-5FBF4E92100C}.Debug|Gaming.Desktop.x64.ActiveCfg = Debug|Gaming.Desktop.x64
		{60139F62-BF37-4F11-BD93-5FBF4E92100C}.Debug|Gaming.Desktop.x64.Build.0 = Debug|Gaming.Desktop.x64
		{60139F62-BF37-4F11-BD93-5FBF4E92100C}.Debug|Gaming.Xbox.Scarlett.x64.ActiveCfg = Debug|Gaming.Desktop.x64
		{60139F62-BF37-4F11-BD93-5FBF4E92100C}.Debug|Gaming.Xbox.Scarlett.x64.Build.0 = Debug|Gaming.Desktop.x64
		{60139F62-BF37-4F11-BD93-5FBF4E92100C}.Debug|Gaming.Xbox.XboxOne.x64.ActiveCfg = Debug|Gaming.Desktop.x64
		{60139F62-BF37-4F11-BD93-5FBF4E92100C}.Debug|Gaming.Xbox.XboxOne.x64.Build.0 = Debug|Gaming.Desktop.x64
		{60139F62-BF37-4F11-BD93-5FBF4E92100C}.Debug|x64.ActiveCfg = Debug|Gaming.Desktop.x64
		{60139F62-BF37-4F11-BD93-5FBF4E92100C}.Debug|x86.ActiveCfg = Debug|Gaming.Desktop.x64
		{60139F62-BF37-4F11-BD93-5FBF4E92100C}.Profile|Any CPU.ActiveCfg = Release|Gaming.Desktop.x64
		{60139F62-BF37-4F11-BD93-5FBF4E92100C}.Profile|Any CPU.Build.0 = Release|Gaming.Desktop.x64
		{60139F62-BF37-4F11-BD93-5FBF4E92100C}.Profile|ARM.ActiveCfg = Release|Gaming.Desktop.x64
		{60139F62-BF37-4F11-BD93-5FBF4E92100C}.Profile|ARM.Build.0 = Release|Gaming.Desktop.x64
		{60139F62-BF37-4F11-BD93-5FBF4E92100C}.Profile|ARM64.ActiveCfg = Release|Gaming.Desktop.x64
		{60139F62-BF37-4F11-BD93-5FBF4E92100C}.Profile|ARM64.Build.0 = Release|Gaming.Desktop.x64
		{60139F62-BF37-4F11-BD93-5FBF4E92100C}.Profile|Gaming.Desktop.x64.ActiveCfg = Release|Gaming.Desktop.x64
		{60139F62-BF37-4F11-BD93-5FBF4E92100C}.Profile|Gaming.Desktop.x64.Build.0 = Release|Gaming.Desktop.x64
		{60139F62-BF37-4F11-BD93-5FBF4E92100C}.Profile|Gaming.Xbox.Scarlett.x64.ActiveCfg = Release|Gaming.Desktop.x64
		{60139F62-BF37-4F11-BD93-5FBF4E92100C}.Profile|Gaming.Xbox.Scarlett.x64.Build.0 = Release|Gaming.Desktop.x64
		{60139F62-BF37-4F11-BD93-5FBF4E92100C}.Profile|Gaming.Xbox.XboxOne.x64.ActiveCfg = Release|Gaming.Desktop.x64
		{60139F62-BF37-4F11-BD93-5FBF4E92100C}.Profile|Gaming.Xbox.XboxOne.x64.Build.0 = Release|Gaming.Desktop.x64
		{60139F62-BF37-4F11-BD93-5FBF4E92100C}.Profile|x64.ActiveCfg = Release|Gaming.Desktop.x64
		{60139F62-BF37-4F11-BD93-5FBF4E92100C}.Profile|x64.Build.0 = Release|Gaming.Desktop.x64
		{60139F62-BF37-4F11-BD93-5FBF4E92100C}.Profile|x86.ActiveCfg = Release|Gaming.Desktop.x64
		{60139F62-BF37-4F11-BD93-5FBF4E92100C}.Profile|x86.Build.0 = Release|Gaming.Desktop.x64
		{60139F62-BF37-4F11-BD93-5FBF4E92100C}.Release|Any CPU.ActiveCfg = Release|Gaming.Desktop.x64
		{60139F62-BF37-4F11-BD93-5FBF4E92100C}.Release|ARM.ActiveCfg = Release|Gaming.Desktop.x64
		{60139F62-BF37-4F11-BD93-5FBF4E92100C}.Release|ARM64.ActiveCfg = Release|Gaming.Desktop.x64
		{60139F62-BF37-4F11-BD93-5FBF4E92100C}.Release|Gaming.Desktop.x64.ActiveCfg = Release|Gaming.Desktop.x64
		{60139F62-BF37-4F11-BD93-5FBF4E92100C}.Release|Gaming.Desktop.x64.Build.0 = Release|Gaming.Desktop.x64
		{60139F62-BF37-4F11-BD93-5FBF4E92100C}.Release|Gaming.Xbox.Scarlett.x64.ActiveCfg = Release|Gaming.Desktop.x64
		{60139F62-BF37-4F11-BD93-5FBF4E92100C}.Release|Gaming.Xbox.Scarlett.x64.Build.0 = Release|Gaming.Desktop.x64
		{60139F62-BF37-4F11-BD93-5FBF4E92100C}.Release|Gaming.Xbox.XboxOne.x64.ActiveCfg = Release|Gaming.Desktop.x64
		{60139F62-BF37-4F11-BD93-5FBF4E92100C}.Release|Gaming.Xbox.XboxOne.x64.Build.0 = Release|Gaming.Desktop.x64
		{60139F62-BF37-4F11-BD93-5FBF4E92100C}.Release|x64.ActiveCfg = Release|Gaming.Desktop.x64
		{60139F62-BF37-4F11-BD93-5FBF4E92100C}.Release|x86.ActiveCfg = Release|Gaming.Desktop.x64
		{052C4858-C76F-4CEA-8A1A-E8E5559E67C2}.Debug|Any CPU.ActiveCfg = Debug|Gaming.Xbox.XboxOne.x64
		{052C4858-C76F-4CEA-8A1A-E8E5559E67C2}.Debug|ARM.ActiveCfg = Debug|Gaming.Xbox.Scarlett.x64
		{052C4858-C76F-4CEA-8A1A-E8E5559E67C2}.Debug|ARM64.ActiveCfg = Debug|Gaming.Xbox.Scarlett.x64
		{052C4858-C76F-4CEA-8A1A-E8E5559E67C2}.Debug|Gaming.Desktop.x64.ActiveCfg = Debug|Gaming.Desktop.x64
		{052C4858-C76F-4CEA-8A1A-E8E5559E67C2}.Debug|Gaming.Desktop.x64.Build.0 = Debug|Gaming.Desktop.x64
		{052C4858-C76F-4CEA-8A1A-E8E5559E67C2}.Debug|Gaming.Xbox.Scarlett.x64.ActiveCfg = Debug|Gaming.Xbox.Scarlett.x64
		{052C4858-C76F-4CEA-8A1A-E8E5559E67C2}.Debug|Gaming.Xbox.Scarlett.x64.Build.0 = Debug|Gaming.Xbox.Scarlett.x64
		{052C4858-C76F-4CEA-8A1A-E8E5559E67C2}.Debug|Gaming.Xbox.XboxOne.x64.ActiveCfg = Debug|Gaming.Xbox.XboxOne.x64
		{052C4858-C76F-4CEA-8A1A-E8E5559E67C2}.Debug|Gaming.Xbox.XboxOne.x64.Build.0 = Debug|Gaming.Xbox.XboxOne.x64
		{052C4858-C76F-4CEA-8A1A-E8E5559E67C2}.Debug|x64.ActiveCfg = Debug|Gaming.Xbox.Scarlett.x64
		{052C4858-C76F-4CEA-8A1A-E8E5559E67C2}.Debug|x86.ActiveCfg = Debug|Gaming.Xbox.Scarlett.x64
		{052C4858-C76F-4CEA-8A1A-E8E5559E67C2}.Profile|Any CPU.ActiveCfg = Profile|Gaming.Xbox.XboxOne.x64
		{052C4858-C76F-4CEA-8A1A-E8E5559E67C2}.Profile|ARM.ActiveCfg = Profile|Gaming.Xbox.Scarlett.x64
		{052C4858-C76F-4CEA-8A1A-E8E5559E67C2}.Profile|ARM64.ActiveCfg = Profile|Gaming.Xbox.Scarlett.x64
		{052C4858-C76F-4CEA-8A1A-E8E5559E67C2}.Profile|Gaming.Desktop.x64.ActiveCfg = Profile|Gaming.Desktop.x64
		{052C4858-C76F-4CEA-8A1A-E8E5559E67C2}.Profile|Gaming.Desktop.x64.Build.0 = Profile|Gaming.Desktop.x64
		{052C4858-C76F-4CEA-8A1A-E8E5559E67C2}.Profile|Gaming.Xbox.Scarlett.x64.ActiveCfg = Profile|Gaming.Xbox.Scarlett.x64
		{052C4858-C76F-4CEA-8A1A-E8E5559E67C2}.Profile|Gaming.Xbox.Scarlett.x64.Build.0 = Profile|Gaming.Xbox.Scarlett.x64
		{052C4858-C76F-4CEA-8A1A-E8E5559E67C2}.Profile|Gaming.Xbox.XboxOne.x64.ActiveCfg = Profile|Gaming.Xbox.XboxOne.x64
		{052C4858-C76F-4CEA-8A1A-E8E5559E67C2}.Profile|Gaming.Xbox.XboxOne.x64.Build.0 = Profile|Gaming.Xbox.XboxOne.x64
		{052C4858-C76F-4CEA-8A1A-E8E5559E67C2}.Profile|x64.ActiveCfg = Profile|Gaming.Xbox.Scarlett.x64
		{052C4858-C76F-4CEA-8A1A-E8E5559E67C2}.Profile|x86.ActiveCfg = Profile|Gaming.Xbox.Scarlett.x64
		{052C4858-C76F-4CEA-8A1A-E8E5559E67C2}.Release|Any CPU.ActiveCfg = Release|Gaming.Xbox.XboxOne.x64
		{052C4858-C76F-4CEA-8A1A-E8E5559E67C2}.Release|ARM.ActiveCfg = Release|Gaming.Xbox.Scarlett.x64
		{052C4858-C76F-4CEA-8A1A-E8E5559E67C2}.Release|ARM64.ActiveCfg = Release|Gaming.Xbox.Scarlett.x64
		{052C4858-C76F-4CEA-8A1A-E8E5559E67C2}.Release|Gaming.Desktop.x64.ActiveCfg = Release|Gaming.Desktop.x64
		{052C4858-C76F-4CEA-8A1A-E8E5559E67C2}.Release|Gaming.Desktop.x64.Build.0 = Release|Gaming.Desktop.x64
		{052C4858-C76F-4CEA-8A1A-E8E5559E67C2}.Release|Gaming.Xbox.Scarlett.x64.ActiveCfg = Release|Gaming.Xbox.Scarlett.x64
		{052C4858-C76F-4CEA-8A1A-E8E5559E67C2}.Release|Gaming.Xbox.Scarlett.x64.Build.0 = Release|Gaming.Xbox.Scarlett.x64
		{052C4858-C76F-4CEA-8A1A-E8E5559E67C2}.Release|Gaming.Xbox.XboxOne.x64.ActiveCfg = Release|Gaming.Xbox.XboxOne.x64
		{052C4858-C76F-4CEA-8A1A-E8E5559E67C2}.Release|Gaming.Xbox.XboxOne.x64.Build.0 = Release|Gaming.Xbox.XboxOne.x64
		{052C4858-C76F-4CEA-8A1A-E8E5559E67C2}.Release|x64.ActiveCfg = Release|Gaming.Xbox.Scarlett.x64
		{052C4858-C76F-4CEA-8A1A-E8E5559E67C2}.Release|x86.ActiveCfg = Release|Gaming.Xbox.Scarlett.x64
		{46F31A54-4C74-41A8-B294-26B5689E51EF}.Debug|Any CPU.ActiveCfg = Debug|Gaming.Xbox.XboxOne.x64
		{46F31A54-4C74-41A8-B294-26B5689E51EF}.Debug|ARM.ActiveCfg = Debug|Gaming.Xbox.Scarlett.x64
		{46F31A54-4C74-41A8-B294-26B5689E51EF}.Debug|ARM64.ActiveCfg = Debug|Gaming.Xbox.Scarlett.x64
		{46F31A54-4C74-41A8-B294-26B5689E51EF}.Debug|Gaming.Desktop.x64.ActiveCfg = Debug|Gaming.Desktop.x64
		{46F31A54-4C74-41A8-B294-26B5689E51EF}.Debug|Gaming.Desktop.x64.Build.0 = Debug|Gaming.Desktop.x64
		{46F31A54-4C74-41A8-B294-26B5689E51EF}.Debug|Gaming.Desktop.x64.Deploy.0 = Debug|Gaming.Desktop.x64
		{46F31A54-4C74-41A8-B294-26B5689E51EF}.Debug|Gaming.Xbox.Scarlett.x64.ActiveCfg = Debug|Gaming.Xbox.Scarlett.x64
		{46F31A54-4C74-41A8-B294-26B5689E51EF}.Debug|Gaming.Xbox.Scarlett.x64.Build.0 = Debug|Gaming.Xbox.Scarlett.x64
		{46F31A54-4C74-41A8-B294-26B5689E51EF}.Debug|Gaming.Xbox.Scarlett.x64.Deploy.0 = Debug|Gaming.Xbox.Scarlett.x64
		{46F31A54-4C74-41A8-B294-26B5689E51EF}.Debug|Gaming.Xbox.XboxOne.x64.ActiveCfg = Debug|Gaming.Xbox.XboxOne.x64
		{46F31A54-4C74-41A8-B294-26B5689E51EF}.Debug|Gaming.Xbox.XboxOne.x64.Build.0 = Debug|Gaming.Xbox.XboxOne.x64
		{46F31A54-4C74-41A8-B294-26B5689E51EF}.Debug|Gaming.Xbox.XboxOne.x64.Deploy.0 = Debug|Gaming.Xbox.XboxOne.x64
		{46F31A54-4C74-41A8-B294-26B5689E51EF}.Debug|x64.ActiveCfg = Debug|Gaming.Xbox.Scarlett.x64
		{46F31A54-4C74-41A8-B294-26B5689E51EF}.Debug|x86.ActiveCfg = Debug|Gaming.Xbox.Scarlett.x64
		{46F31A54-4C74-41A8-B294-26B5689E51EF}.Profile|Any CPU.ActiveCfg = Profile|Gaming.Xbox.XboxOne.x64
		{46F31A54-4C74-41A8-B294-26B5689E51EF}.Profile|ARM.ActiveCfg = Profile|Gaming.Xbox.Scarlett.x64
		{46F31A54-4C74-41A8-B294-26B5689E51EF}.Profile|ARM64.ActiveCfg = Profile|Gaming.Xbox.Scarlett.x64
		{46F31A54-4C74-41A8-B294-26B5689E51EF}.Profile|Gaming.Desktop.x64.ActiveCfg = Profile|Gaming.Desktop.x64
		{46F31A54-4C74-41A8-B294-26B5689E51EF}.Profile|Gaming.Desktop.x64.Build.0 = Profile|Gaming.Desktop.x64
		{46F31A54-4C74-41A8-B294-26B5689E51EF}.Profile|Gaming.Desktop.x64.Deploy.0 = Profile|Gaming.Desktop.x64
		{46F31A54-4C74-41A8-B294-26B5689E51EF}.Profile|Gaming.Xbox.Scarlett.x64.ActiveCfg = Profile|Gaming.Xbox.Scarlett.x64
		{46F31A54-4C74-41A8-B294-26B5689E51EF}.Profile|Gaming.Xbox.Scarlett.x64.Build.0 = Profile|Gaming.Xbox.Scarlett.x64
		{46F31A54-4C74-41A8-B294-26B5689E51EF}.Profile|Gaming.Xbox.Scarlett.x64.Deploy.0 = Profile|Gaming.Xbox.Scarlett.x64
		{46F31A54-4C74-41A8-B294-26B5689E51EF}.Profile|Gaming.Xbox.XboxOne.x64.ActiveCfg = Profile|Gaming.Xbox.XboxOne.x64
		{46F31A54-4C74-41A8-B294-26B5689E51EF}.Profile|Gaming.Xbox.XboxOne.x64.Build.0 = Profile|Gaming.Xbox.XboxOne.x64
		{46F31A54-4C74-41A8-B294-26B5689E51EF}.Profile|Gaming.Xbox.XboxOne.x64.Deploy.0 = Profile|Gaming.Xbox.XboxOne.x64
		{46F31A54-4C74-41A8-B294-26B5689E51EF}.Profile|x64.ActiveCfg = Profile|Gaming.Xbox.Scarlett.x64
		{46F31A54-4C74-41A8-B294-26B5689E51EF}.Profile|x86.ActiveCfg = Profile|Gaming.Xbox.Scarlett.x64
		{46F31A54-4C74-41A8-B294-26B5689E51EF}.Release|Any CPU.ActiveCfg = Release|Gaming.Xbox.XboxOne.x64
		{46F31A54-4C74-41A8-B294-26B5689E51EF}.Release|ARM.ActiveCfg = Release|Gaming.Xbox.Scarlett.x64
		{46F31A54-4C74-41A8-B294-26B5689E51EF}.Release|ARM64.ActiveCfg = Release|Gaming.Xbox.Scarlett.x64
		{46F31A54-4C74-41A8-B294-26B5689E51EF}.Release|Gaming.Desktop.x64.ActiveCfg = Release|Gaming.Desktop.x64
		{46F31A54-4C74-41A8-B294-26B5689E51EF}.Release|Gaming.Desktop.x64.Build.0 = Release|Gaming.Desktop.x64
		{46F31A54-4C74-41A8-B294-26B5689E51EF}.Release|Gaming.Desktop.x64.Deploy.0 = Release|Gaming.Desktop.x64
		{46F31A54-4C74-41A8-B294-26B5689E51EF}.Release|Gaming.Xbox.Scarlett.x64.ActiveCfg = Release|Gaming.Xbox.Scarlett.x64
		{46F31A54-4C74-41A8-B294-26B5689E51EF}.Release|Gaming.Xbox.Scarlett.x64.Build.0 = Release|Gaming.Xbox.Scarlett.x64
		{46F31A54-4C74-41A8-B294-26B5689E51EF}.Release|Gaming.Xbox.Scarlett.x64.Deploy.0 = Release|Gaming.Xbox.Scarlett.x64
		{46F31A54-4C74-41A8-B294-26B5689E51EF}.Release|Gaming.Xbox.XboxOne.x64.ActiveCfg = Release|Gaming.Xbox.XboxOne.x64
		{46F31A54-4C74-41A8-B294-26B5689E51EF}.Release|Gaming.Xbox.XboxOne.x64.Build.0 = Release|Gaming.Xbox.XboxOne.x64
		{46F31A54-4C74-41A8-B294-26B5689E51EF}.Release|Gaming.Xbox.XboxOne.x64.Deploy.0 = Release|Gaming.Xbox.XboxOne.x64
		{46F31A54-4C74-41A8-B294-26B5689E51EF}.Release|x64.ActiveCfg = Release|Gaming.Xbox.Scarlett.x64
		{46F31A54-4C74-41A8-B294-26B5689E51EF}.Release|x86.ActiveCfg = Release|Gaming.Xbox.Scarlett.x64
		{A5A6E02A-21BA-4D55-9FB9-7B24DEDD3743}.Debug|Any CPU.ActiveCfg = Debug|Gaming.Desktop.x64
		{A5A6E02A-21BA-4D55-9FB9-7B24DEDD3743}.Debug|Any CPU.Build.0 = Debug|Gaming.Desktop.x64
		{A5A6E02A-21BA-4D55-9FB9-7B24DEDD3743}.Debug|ARM.ActiveCfg = Debug|Gaming.Desktop.x64
		{A5A6E02A-21BA-4D55-9FB9-7B24DEDD3743}.Debug|ARM.Build.0 = Debug|Gaming.Desktop.x64
		{A5A6E02A-21BA-4D55-9FB9-7B24DEDD3743}.Debug|ARM64.ActiveCfg = Debug|Gaming.Desktop.x64
		{A5A6E02A-21BA-4D55-9FB9-7B24DEDD3743}.Debug|ARM64.Build.0 = Debug|Gaming.Desktop.x64
		{A5A6E02A-21BA-4D55-9FB9-7B24DEDD3743}.Debug|Gaming.Desktop.x64.ActiveCfg = Debug|Gaming.Desktop.x64
		{A5A6E02A-21BA-4D55-9FB9-7B24DEDD3743}.Debug|Gaming.Desktop.x64.Build.0 = Debug|Gaming.Desktop.x64
		{A5A6E02A-21BA-4D55-9FB9-7B24DEDD3743}.Debug|Gaming.Xbox.Scarlett.x64.ActiveCfg = Debug|Gaming.Desktop.x64
		{A5A6E02A-21BA-4D55-9FB9-7B24DEDD3743}.Debug|Gaming.Xbox.Scarlett.x64.Build.0 = Debug|Gaming.Desktop.x64
		{A5A6E02A-21BA-4D55-9FB9-7B24DEDD3743}.Debug|Gaming.Xbox.XboxOne.x64.ActiveCfg = Debug|Gaming.Desktop.x64
		{A5A6E02A-21BA-4D55-9FB9-7B24DEDD3743}.Debug|Gaming.Xbox.XboxOne.x64.Build.0 = Debug|Gaming.Desktop.x64
		{A5A6E02A-21BA-4D55-9FB9-7B24DEDD3743}.Debug|x64.ActiveCfg = Debug|Gaming.Desktop.x64
		{A5A6E02A-21BA-4D55-9FB9-7B24DEDD3743}.Debug|x64.Build.0 = Debug|Gaming.Desktop.x64
		{A5A6E02A-21BA-4D55-9FB9-7B24DEDD3743}.Debug|x86.ActiveCfg = Debug|Gaming.Desktop.x64
		{A5A6E02A-21BA-4D55-9FB9-7B24DEDD3743}.Debug|x86.Build.0 = Debug|Gaming.Desktop.x64
		{A5A6E02A-21BA-4D55-9FB9-7B24DEDD3743}.Profile|Any CPU.ActiveCfg = Debug|Gaming.Desktop.x64
		{A5A6E02A-21BA-4D55-9FB9-7B24DEDD3743}.Profile|Any CPU.Build.0 = Debug|Gaming.Desktop.x64
		{A5A6E02A-21BA-4D55-9FB9-7B24DEDD3743}.Profile|ARM.ActiveCfg = Debug|Gaming.Desktop.x64
		{A5A6E02A-21BA-4D55-9FB9-7B24DEDD3743}.Profile|ARM.Build.0 = Debug|Gaming.Desktop.x64
		{A5A6E02A-21BA-4D55-9FB9-7B24DEDD3743}.Profile|ARM64.ActiveCfg = Debug|Gaming.Desktop.x64
		{A5A6E02A-21BA-4D55-9FB9-7B24DEDD3743}.Profile|ARM64.Build.0 = Debug|Gaming.Desktop.x64
		{A5A6E02A-21BA-4D55-9FB9-7B24DEDD3743}.Profile|Gaming.Desktop.x64.ActiveCfg = Debug|Gaming.Desktop.x64
		{A5A6E02A-21BA-4D55-9FB9-7B24DEDD3743}.Profile|Gaming.Desktop.x64.Build.0 = Debug|Gaming.Desktop.x64
		{A5A6E02A-21BA-4D55-9FB9-7B24DEDD3743}.Profile|Gaming.Xbox.Scarlett.x64.ActiveCfg = Debug|Gaming.Desktop.x64
		{A5A6E02A-21BA-4D55-9FB9-7B24DEDD3743}.Profile|Gaming.Xbox.Scarlett.x64.Build.0 = Debug|Gaming.Desktop.x64
		{A5A6E02A-21BA-4D55-9FB9-7B24DEDD3743}.Profile|Gaming.Xbox.XboxOne.x64.ActiveCfg = Debug|Gaming.Desktop.x64
		{A5A6E02A-21BA-4D55-9FB9-7B24DEDD3743}.Profile|Gaming.Xbox.XboxOne.x64.Build.0 = Debug|Gaming.Desktop.x64
		{A5A6E02A-21BA-4D55-9FB9-7B24DEDD3743}.Profile|x64.ActiveCfg = Debug|Gaming.Desktop.x64
		{A5A6E02A-21BA-4D55-9FB9-7B24DEDD3743}.Profile|x64.Build.0 = Debug|Gaming.Desktop.x64
		{A5A6E02A-21BA-4D55-9FB9-7B24DEDD3743}.Profile|x86.ActiveCfg = Debug|Gaming.Desktop.x64
		{A5A6E02A-21BA-4D55-9FB9-7B24DEDD3743}.Profile|x86.Build.0 = Debug|Gaming.Desktop.x64
		{A5A6E02A-21BA-4D55-9FB9-7B24DEDD3743}.Release|Any CPU.ActiveCfg = Release|Gaming.Desktop.x64
		{A5A6E02A-21BA-4D55-9FB9-7B24DEDD3743}.Release|Any CPU.Build.0 = Release|Gaming.Desktop.x64
		{A5A6E02A-21BA-4D55-9FB9-7B24DEDD3743}.Release|ARM.ActiveCfg = Release|Gaming.Desktop.x64
		{A5A6E02A-21BA-4D55-9FB9-7B24DEDD3743}.Release|ARM.Build.0 = Release|Gaming.Desktop.x64
		{A5A6E02A-21BA-4D55-9FB9-7B24DEDD3743}.Release|ARM64.ActiveCfg = Release|Gaming.Desktop.x64
		{A5A6E02A-21BA-4D55-9FB9-7B24DEDD3743}.Release|ARM64.Build.0 = Release|Gaming.Desktop.x64
		{A5A6E02A-21BA-4D55-9FB9-7B24DEDD3743}.Release|Gaming.Desktop.x64.ActiveCfg = Release|Gaming.Desktop.x64
		{A5A6E02A-21BA-4D55-9FB9-7B24DEDD3743}.Release|Gaming.Desktop.x64.Build.0 = Release|Gaming.Desktop.x64
		{A5A6E02A-21BA-4D55-9FB9-7B24DEDD3743}.Release|Gaming.Xbox.Scarlett.x64.ActiveCfg = Release|Gaming.Desktop.x64
		{A5A6E02A-21BA-4D55-9FB9-7B24DEDD3743}.Release|Gaming.Xbox.Scarlett.x64.Build.0 = Release|Gaming.Desktop.x64
		{A5A6E02A-21BA-4D55-9FB9-7B24DEDD3743}.Release|Gaming.Xbox.XboxOne.x64.ActiveCfg = Release|Gaming.Desktop.x64
		{A5A6E02A-21BA-4D55-9FB9-7B24DEDD3743}.Release|Gaming.Xbox.XboxOne.x64.Build.0 = Release|Gaming.Desktop.x64
		{A5A6E02A-21BA-4D55-9FB9-7B24DEDD3743}.Release|x64.ActiveCfg = Release|Gaming.Desktop.x64
		{A5A6E02A-21BA-4D55-9FB9-7B24DEDD3743}.Release|x64.Build.0 = Release|Gaming.Desktop.x64
		{A5A6E02A-21BA-4D55-9FB9-7B24DEDD3743}.Release|x86.ActiveCfg = Release|Gaming.Desktop.x64
		{A5A6E02A-21BA-4D55-9FB9-7B24DEDD3743}.Release|x86.Build.0 = Release|Gaming.Desktop.x64
	EndGlobalSection
	GlobalSection(SolutionProperties) = preSolution
		HideSolutionNode = FALSE
	EndGlobalSection
	GlobalSection(NestedProjects) = preSolution
		{CBC0BEC4-131D-4868-9345-71813557FB39} = {E4213904-77D5-4847-B858-0938BF96064C}
		{DC381015-B171-4DA5-B7FA-7CDE8196C6D3} = {C9C47451-FCA6-4B7F-9BD0-20AD3B119737}
		{60139F62-BF37-4F11-BD93-5FBF4E92100C} = {C9C47451-FCA6-4B7F-9BD0-20AD3B119737}
		{052C4858-C76F-4CEA-8A1A-E8E5559E67C2} = {DC381015-B171-4DA5-B7FA-7CDE8196C6D3}
		{46F31A54-4C74-41A8-B294-26B5689E51EF} = {DC381015-B171-4DA5-B7FA-7CDE8196C6D3}
		{A5A6E02A-21BA-4D55-9FB9-7B24DEDD3743} = {C9C47451-FCA6-4B7F-9BD0-20AD3B119737}
		{1E320494-894E-4FEB-90CA-DF4FE20499F4} = {C9C47451-FCA6-4B7F-9BD0-20AD3B119737}
		{CF3350E5-00A2-4647-A996-BAF7542B0327} = {E4213904-77D5-4847-B858-0938BF96064C}
	EndGlobalSection
	GlobalSection(ExtensibilityGlobals) = postSolution
		SolutionGuid = {622BB9B5-938F-41A2-BC8B-B7B3A64A73B5}
	EndGlobalSection
	GlobalSection(SharedMSBuildProjectFiles) = preSolution
		Build\Microsoft.Xbox.Services.GDK\Microsoft.Xbox.Services.GDK.vcxitems*{1e320494-894e-4feb-90ca-df4fe20499f4}*SharedItemsImports = 9
		Tests\APIExplorer\APIExplorer.Shared.vcxitems*{46f31a54-4c74-41a8-b294-26b5689e51ef}*SharedItemsImports = 4
		Build\Microsoft.Xbox.Services.Common\Microsoft.Xbox.Services.Common.vcxitems*{60139f62-bf37-4f11-bd93-5fbf4e92100c}*SharedItemsImports = 4
		Build\Microsoft.Xbox.Services.GDK\Microsoft.Xbox.Services.GDK.vcxitems*{60139f62-bf37-4f11-bd93-5fbf4e92100c}*SharedItemsImports = 4
		External\Xal\External\libHttpClient\Build\libHttpClient.Common\libHttpClient.Common.vcxitems*{a5a6e02a-21ba-4d55-9fb9-7b24dedd3743}*SharedItemsImports = 4
		External\Xal\External\libHttpClient\Build\libHttpClient.GDK.Shared\libHttpClient.GDK.Shared.vcxitems*{a5a6e02a-21ba-4d55-9fb9-7b24dedd3743}*SharedItemsImports = 4
		Tests\APIExplorer\APIExplorer.Shared.vcxitems*{cbc0bec4-131d-4868-9345-71813557fb39}*SharedItemsImports = 9
		Build\Microsoft.Xbox.Services.Common\Microsoft.Xbox.Services.Common.vcxitems*{cf3350e5-00a2-4647-a996-baf7542b0327}*SharedItemsImports = 9
	EndGlobalSection
EndGlobal
