Microsoft Visual Studio Solution File, Format Version 12.00
# Visual Studio 15
VisualStudioVersion = 15.0.26430.16
MinimumVisualStudioVersion = 10.0.40219.1
Project("{2150E333-8FDC-42A3-9474-1A3956D46DE8}") = "GDK", "GDK", "{C9C47451-FCA6-4B7F-9BD0-20AD3B119737}"
EndProject
Project("{8BC9CEB8-8B4A-11D0-8D11-00A0C91BC942}") = "APIExplorer.Shared", "Tests\APIExplorer\APIExplorer.Shared.vcxitems", "{CBC0BEC4-131D-4868-9345-71813557FB39}"
EndProject
Project("{2150E333-8FDC-42A3-9474-1A3956D46DE8}") = "Tests", "Tests", "{DC381015-B171-4DA5-B7FA-7CDE8196C6D3}"
EndProject
Project("{8BC9CEB8-8B4A-11D0-8D11-00A0C91BC942}") = "Microsoft.Xbox.Services.142.GDK.C", "Build\Microsoft.Xbox.Services.142.GDK.C\Microsoft.Xbox.Services.142.GDK.C.vcxproj", "{60139F62-BF37-4F11-BD93-5FBF4E92100C}"
EndProject
Project("{8BC9CEB8-8B4A-11D0-8D11-00A0C91BC942}") = "DirectXTK12", "Tests\GDK\APIRunner.GDK\Kits\DirectXTK12\DirectXTK12_GDK_2017.vcxproj", "{052C4858-C76F-4CEA-8A1A-E8E5559E67C2}"
EndProject
Project("{8BC9CEB8-8B4A-11D0-8D11-00A0C91BC942}") = "APIRunner.143.GDK.Src", "Tests\GDK\APIRunner.GDK\APIRunner.143.GDK.Src.vcxproj", "{46F31A54-4C74-41A8-B294-26B5689E51EF}"
EndProject
Project("{8BC9CEB8-8B4A-11D0-8D11-00A0C91BC942}") = "libHttpClient.142.GDK.C", "External\xal\External\libHttpClient\Build\libHttpClient.142.GDK.C\libHttpClient.142.GDK.C.vcxproj", "{80D8061D-BBEF-414D-8F08-4D8B52C02E85}"
EndProject
Project("{2150E333-8FDC-42A3-9474-1A3956D46DE8}") = "UnitTests", "UnitTests", "{026C8F03-2B39-4984-9F71-D933E4455B2B}"
EndProject
Project("{8BC9CEB8-8B4A-11D0-8D11-00A0C91BC942}") = "Microsoft.Xbox.Services.UnitTest.142.TE", "Build\Microsoft.Xbox.Services.UnitTest.142.TE\Microsoft.Xbox.Services.UnitTest.142.TE.vcxproj", "{3092CCC9-DB6E-4199-95CC-4959950B95FA}"
EndProject
Project("{8BC9CEB8-8B4A-11D0-8D11-00A0C91BC942}") = "libcrypto.142.Win32", "External\xal\External\libHttpClient\Build\libcrypto.142.Win32\libcrypto.142.Win32.vcxproj", "{2C8E7AF1-A395-4695-A116-63000F910ABD}"
EndProject
Project("{8BC9CEB8-8B4A-11D0-8D11-00A0C91BC942}") = "libHttpClient.142.Win32.C", "External\xal\External\libHttpClient\Build\libHttpClient.142.Win32.C\libHttpClient.142.Win32.C.vcxproj", "{9164C6C9-3872-4922-A3E3-3822622D3E71}"
EndProject
Project("{8BC9CEB8-8B4A-11D0-8D11-00A0C91BC942}") = "libssl.142.Win32", "External\xal\External\libHttpClient\Build\libssl.142.Win32\libssl.142.Win32.vcxproj", "{13457617-8476-4708-A601-AF998F6EDF21}"
EndProject
Global
	GlobalSection(SharedMSBuildProjectFiles) = preSolution
		Tests\APIExplorer\APIExplorer.Shared.vcxitems*{46f31a54-4c74-41a8-b294-26b5689e51ef}*SharedItemsImports = 4
		Tests\APIExplorer\APIExplorer.Shared.vcxitems*{cbc0bec4-131d-4868-9345-71813557fb39}*SharedItemsImports = 9
	EndGlobalSection
	GlobalSection(SolutionConfigurationPlatforms) = preSolution
		Debug|Any CPU = Debug|Any CPU
		Debug|ARM = Debug|ARM
		Debug|ARM64 = Debug|ARM64
		Debug|Gaming.Desktop.x64 = Debug|Gaming.Desktop.x64
		Debug|Gaming.Xbox.Scarlett.x64 = Debug|Gaming.Xbox.Scarlett.x64
		Debug|Gaming.Xbox.XboxOne.x64 = Debug|Gaming.Xbox.XboxOne.x64
		Debug|x64 = Debug|x64
		Debug|x86 = Debug|x86
		Profile|Any CPU = Profile|Any CPU
		Profile|ARM = Profile|ARM
		Profile|ARM64 = Profile|ARM64
		Profile|Gaming.Desktop.x64 = Profile|Gaming.Desktop.x64
		Profile|Gaming.Xbox.Scarlett.x64 = Profile|Gaming.Xbox.Scarlett.x64
		Profile|Gaming.Xbox.XboxOne.x64 = Profile|Gaming.Xbox.XboxOne.x64
		Profile|x64 = Profile|x64
		Profile|x86 = Profile|x86
		Release|Any CPU = Release|Any CPU
		Release|ARM = Release|ARM
		Release|ARM64 = Release|ARM64
		Release|Gaming.Desktop.x64 = Release|Gaming.Desktop.x64
		Release|Gaming.Xbox.Scarlett.x64 = Release|Gaming.Xbox.Scarlett.x64
		Release|Gaming.Xbox.XboxOne.x64 = Release|Gaming.Xbox.XboxOne.x64
		Release|x64 = Release|x64
		Release|x86 = Release|x86
	EndGlobalSection
	GlobalSection(ProjectConfigurationPlatforms) = postSolution
		{60139F62-BF37-4F11-BD93-5FBF4E92100C}.Debug|Any CPU.ActiveCfg = Debug|Gaming.Desktop.x64
		{60139F62-BF37-4F11-BD93-5FBF4E92100C}.Debug|ARM.ActiveCfg = Debug|Gaming.Desktop.x64
		{60139F62-BF37-4F11-BD93-5FBF4E92100C}.Debug|ARM64.ActiveCfg = Debug|Gaming.Desktop.x64
		{60139F62-BF37-4F11-BD93-5FBF4E92100C}.Debug|Gaming.Desktop.x64.ActiveCfg = Debug|Gaming.Desktop.x64
		{60139F62-BF37-4F11-BD93-5FBF4E92100C}.Debug|Gaming.Desktop.x64.Build.0 = Debug|Gaming.Desktop.x64
		{60139F62-BF37-4F11-BD93-5FBF4E92100C}.Debug|Gaming.Xbox.Scarlett.x64.ActiveCfg = Debug|Gaming.Desktop.x64
		{60139F62-BF37-4F11-BD93-5FBF4E92100C}.Debug|Gaming.Xbox.Scarlett.x64.Build.0 = Debug|Gaming.Desktop.x64
		{60139F62-BF37-4F11-BD93-5FBF4E92100C}.Debug|Gaming.Xbox.XboxOne.x64.ActiveCfg = Debug|Gaming.Desktop.x64
		{60139F62-BF37-4F11-BD93-5FBF4E92100C}.Debug|Gaming.Xbox.XboxOne.x64.Build.0 = Debug|Gaming.Desktop.x64
		{60139F62-BF37-4F11-BD93-5FBF4E92100C}.Debug|x64.ActiveCfg = Debug|Gaming.Desktop.x64
		{60139F62-BF37-4F11-BD93-5FBF4E92100C}.Debug|x86.ActiveCfg = Debug|Gaming.Desktop.x64
		{60139F62-BF37-4F11-BD93-5FBF4E92100C}.Profile|Any CPU.ActiveCfg = Release|Gaming.Desktop.x64
		{60139F62-BF37-4F11-BD93-5FBF4E92100C}.Profile|Any CPU.Build.0 = Release|Gaming.Desktop.x64
		{60139F62-BF37-4F11-BD93-5FBF4E92100C}.Profile|ARM.ActiveCfg = Release|Gaming.Desktop.x64
		{60139F62-BF37-4F11-BD93-5FBF4E92100C}.Profile|ARM.Build.0 = Release|Gaming.Desktop.x64
		{60139F62-BF37-4F11-BD93-5FBF4E92100C}.Profile|ARM64.ActiveCfg = Release|Gaming.Desktop.x64
		{60139F62-BF37-4F11-BD93-5FBF4E92100C}.Profile|ARM64.Build.0 = Release|Gaming.Desktop.x64
		{60139F62-BF37-4F11-BD93-5FBF4E92100C}.Profile|Gaming.Desktop.x64.ActiveCfg = Release|Gaming.Desktop.x64
		{60139F62-BF37-4F11-BD93-5FBF4E92100C}.Profile|Gaming.Desktop.x64.Build.0 = Release|Gaming.Desktop.x64
		{60139F62-BF37-4F11-BD93-5FBF4E92100C}.Profile|Gaming.Xbox.Scarlett.x64.ActiveCfg = Release|Gaming.Desktop.x64
		{60139F62-BF37-4F11-BD93-5FBF4E92100C}.Profile|Gaming.Xbox.Scarlett.x64.Build.0 = Release|Gaming.Desktop.x64
		{60139F62-BF37-4F11-BD93-5FBF4E92100C}.Profile|Gaming.Xbox.XboxOne.x64.ActiveCfg = Release|Gaming.Desktop.x64
		{60139F62-BF37-4F11-BD93-5FBF4E92100C}.Profile|Gaming.Xbox.XboxOne.x64.Build.0 = Release|Gaming.Desktop.x64
		{60139F62-BF37-4F11-BD93-5FBF4E92100C}.Profile|x64.ActiveCfg = Release|Gaming.Desktop.x64
		{60139F62-BF37-4F11-BD93-5FBF4E92100C}.Profile|x64.Build.0 = Release|Gaming.Desktop.x64
		{60139F62-BF37-4F11-BD93-5FBF4E92100C}.Profile|x86.ActiveCfg = Release|Gaming.Desktop.x64
		{60139F62-BF37-4F11-BD93-5FBF4E92100C}.Profile|x86.Build.0 = Release|Gaming.Desktop.x64
		{60139F62-BF37-4F11-BD93-5FBF4E92100C}.Release|Any CPU.ActiveCfg = Release|Gaming.Desktop.x64
		{60139F62-BF37-4F11-BD93-5FBF4E92100C}.Release|ARM.ActiveCfg = Release|Gaming.Desktop.x64
		{60139F62-BF37-4F11-BD93-5FBF4E92100C}.Release|ARM64.ActiveCfg = Release|Gaming.Desktop.x64
		{60139F62-BF37-4F11-BD93-5FBF4E92100C}.Release|Gaming.Desktop.x64.ActiveCfg = Release|Gaming.Desktop.x64
		{60139F62-BF37-4F11-BD93-5FBF4E92100C}.Release|Gaming.Desktop.x64.Build.0 = Release|Gaming.Desktop.x64
		{60139F62-BF37-4F11-BD93-5FBF4E92100C}.Release|Gaming.Xbox.Scarlett.x64.ActiveCfg = Release|Gaming.Desktop.x64
		{60139F62-BF37-4F11-BD93-5FBF4E92100C}.Release|Gaming.Xbox.Scarlett.x64.Build.0 = Release|Gaming.Desktop.x64
		{60139F62-BF37-4F11-BD93-5FBF4E92100C}.Release|Gaming.Xbox.XboxOne.x64.ActiveCfg = Release|Gaming.Desktop.x64
		{60139F62-BF37-4F11-BD93-5FBF4E92100C}.Release|Gaming.Xbox.XboxOne.x64.Build.0 = Release|Gaming.Desktop.x64
		{60139F62-BF37-4F11-BD93-5FBF4E92100C}.Release|x64.ActiveCfg = Release|Gaming.Desktop.x64
		{60139F62-BF37-4F11-BD93-5FBF4E92100C}.Release|x86.ActiveCfg = Release|Gaming.Desktop.x64
		{E538394B-68CB-4597-87AD-7B6841CC1278}.Debug|Any CPU.ActiveCfg = Debug|Gaming.Desktop.x64
		{E538394B-68CB-4597-87AD-7B6841CC1278}.Debug|ARM.ActiveCfg = Debug|Gaming.Desktop.x64
		{E538394B-68CB-4597-87AD-7B6841CC1278}.Debug|ARM64.ActiveCfg = Debug|Gaming.Desktop.x64
		{E538394B-68CB-4597-87AD-7B6841CC1278}.Debug|Gaming.Desktop.x64.ActiveCfg = Debug|Gaming.Desktop.x64
		{E538394B-68CB-4597-87AD-7B6841CC1278}.Debug|Gaming.Desktop.x64.Build.0 = Debug|Gaming.Desktop.x64
		{E538394B-68CB-4597-87AD-7B6841CC1278}.Debug|Gaming.Xbox.Scarlett.x64.ActiveCfg = Debug|Gaming.Desktop.x64
		{E538394B-68CB-4597-87AD-7B6841CC1278}.Debug|Gaming.Xbox.Scarlett.x64.Build.0 = Debug|Gaming.Desktop.x64
		{E538394B-68CB-4597-87AD-7B6841CC1278}.Debug|Gaming.Xbox.XboxOne.x64.ActiveCfg = Debug|Gaming.Desktop.x64
		{E538394B-68CB-4597-87AD-7B6841CC1278}.Debug|Gaming.Xbox.XboxOne.x64.Build.0 = Debug|Gaming.Desktop.x64
		{E538394B-68CB-4597-87AD-7B6841CC1278}.Debug|x64.ActiveCfg = Debug|Gaming.Desktop.x64
		{E538394B-68CB-4597-87AD-7B6841CC1278}.Debug|x86.ActiveCfg = Debug|Gaming.Desktop.x64
		{E538394B-68CB-4597-87AD-7B6841CC1278}.Profile|Any CPU.ActiveCfg = Release|Gaming.Desktop.x64
		{E538394B-68CB-4597-87AD-7B6841CC1278}.Profile|Any CPU.Build.0 = Release|Gaming.Desktop.x64
		{E538394B-68CB-4597-87AD-7B6841CC1278}.Profile|ARM.ActiveCfg = Release|Gaming.Desktop.x64
		{E538394B-68CB-4597-87AD-7B6841CC1278}.Profile|ARM.Build.0 = Release|Gaming.Desktop.x64
		{E538394B-68CB-4597-87AD-7B6841CC1278}.Profile|ARM64.ActiveCfg = Release|Gaming.Desktop.x64
		{E538394B-68CB-4597-87AD-7B6841CC1278}.Profile|ARM64.Build.0 = Release|Gaming.Desktop.x64
		{E538394B-68CB-4597-87AD-7B6841CC1278}.Profile|Gaming.Desktop.x64.ActiveCfg = Release|Gaming.Desktop.x64
		{E538394B-68CB-4597-87AD-7B6841CC1278}.Profile|Gaming.Desktop.x64.Build.0 = Release|Gaming.Desktop.x64
		{E538394B-68CB-4597-87AD-7B6841CC1278}.Profile|Gaming.Xbox.Scarlett.x64.ActiveCfg = Release|Gaming.Desktop.x64
		{E538394B-68CB-4597-87AD-7B6841CC1278}.Profile|Gaming.Xbox.Scarlett.x64.Build.0 = Release|Gaming.Desktop.x64
		{E538394B-68CB-4597-87AD-7B6841CC1278}.Profile|Gaming.Xbox.XboxOne.x64.ActiveCfg = Release|Gaming.Desktop.x64
		{E538394B-68CB-4597-87AD-7B6841CC1278}.Profile|Gaming.Xbox.XboxOne.x64.Build.0 = Release|Gaming.Desktop.x64
		{E538394B-68CB-4597-87AD-7B6841CC1278}.Profile|x64.ActiveCfg = Release|Gaming.Desktop.x64
		{E538394B-68CB-4597-87AD-7B6841CC1278}.Profile|x64.Build.0 = Release|Gaming.Desktop.x64
		{E538394B-68CB-4597-87AD-7B6841CC1278}.Profile|x86.ActiveCfg = Release|Gaming.Desktop.x64
		{E538394B-68CB-4597-87AD-7B6841CC1278}.Profile|x86.Build.0 = Release|Gaming.Desktop.x64
		{E538394B-68CB-4597-87AD-7B6841CC1278}.Release|Any CPU.ActiveCfg = Release|Gaming.Desktop.x64
		{E538394B-68CB-4597-87AD-7B6841CC1278}.Release|ARM.ActiveCfg = Release|Gaming.Desktop.x64
		{E538394B-68CB-4597-87AD-7B6841CC1278}.Release|ARM64.ActiveCfg = Release|Gaming.Desktop.x64
		{E538394B-68CB-4597-87AD-7B6841CC1278}.Release|Gaming.Desktop.x64.ActiveCfg = Release|Gaming.Desktop.x64
		{E538394B-68CB-4597-87AD-7B6841CC1278}.Release|Gaming.Desktop.x64.Build.0 = Release|Gaming.Desktop.x64
		{E538394B-68CB-4597-87AD-7B6841CC1278}.Release|Gaming.Xbox.Scarlett.x64.ActiveCfg = Release|Gaming.Desktop.x64
		{E538394B-68CB-4597-87AD-7B6841CC1278}.Release|Gaming.Xbox.Scarlett.x64.Build.0 = Release|Gaming.Desktop.x64
		{E538394B-68CB-4597-87AD-7B6841CC1278}.Release|Gaming.Xbox.XboxOne.x64.ActiveCfg = Release|Gaming.Desktop.x64
		{E538394B-68CB-4597-87AD-7B6841CC1278}.Release|Gaming.Xbox.XboxOne.x64.Build.0 = Release|Gaming.Desktop.x64
		{E538394B-68CB-4597-87AD-7B6841CC1278}.Release|x64.ActiveCfg = Release|Gaming.Desktop.x64
		{E538394B-68CB-4597-87AD-7B6841CC1278}.Release|x86.ActiveCfg = Release|Gaming.Desktop.x64
		{052C4858-C76F-4CEA-8A1A-E8E5559E67C2}.Debug|Any CPU.ActiveCfg = Debug|Gaming.Xbox.XboxOne.x64
		{052C4858-C76F-4CEA-8A1A-E8E5559E67C2}.Debug|ARM.ActiveCfg = Debug|Gaming.Xbox.Scarlett.x64
		{052C4858-C76F-4CEA-8A1A-E8E5559E67C2}.Debug|ARM64.ActiveCfg = Debug|Gaming.Xbox.Scarlett.x64
		{052C4858-C76F-4CEA-8A1A-E8E5559E67C2}.Debug|Gaming.Desktop.x64.ActiveCfg = Debug|Gaming.Desktop.x64
		{052C4858-C76F-4CEA-8A1A-E8E5559E67C2}.Debug|Gaming.Desktop.x64.Build.0 = Debug|Gaming.Desktop.x64
		{052C4858-C76F-4CEA-8A1A-E8E5559E67C2}.Debug|Gaming.Xbox.Scarlett.x64.ActiveCfg = Debug|Gaming.Xbox.Scarlett.x64
		{052C4858-C76F-4CEA-8A1A-E8E5559E67C2}.Debug|Gaming.Xbox.Scarlett.x64.Build.0 = Debug|Gaming.Xbox.Scarlett.x64
		{052C4858-C76F-4CEA-8A1A-E8E5559E67C2}.Debug|Gaming.Xbox.XboxOne.x64.ActiveCfg = Debug|Gaming.Xbox.XboxOne.x64
		{052C4858-C76F-4CEA-8A1A-E8E5559E67C2}.Debug|Gaming.Xbox.XboxOne.x64.Build.0 = Debug|Gaming.Xbox.XboxOne.x64
		{052C4858-C76F-4CEA-8A1A-E8E5559E67C2}.Debug|x64.ActiveCfg = Debug|Gaming.Xbox.Scarlett.x64
		{052C4858-C76F-4CEA-8A1A-E8E5559E67C2}.Debug|x86.ActiveCfg = Debug|Gaming.Xbox.Scarlett.x64
		{052C4858-C76F-4CEA-8A1A-E8E5559E67C2}.Profile|Any CPU.ActiveCfg = Profile|Gaming.Xbox.XboxOne.x64
		{052C4858-C76F-4CEA-8A1A-E8E5559E67C2}.Profile|ARM.ActiveCfg = Profile|Gaming.Xbox.Scarlett.x64
		{052C4858-C76F-4CEA-8A1A-E8E5559E67C2}.Profile|ARM64.ActiveCfg = Profile|Gaming.Xbox.Scarlett.x64
		{052C4858-C76F-4CEA-8A1A-E8E5559E67C2}.Profile|Gaming.Desktop.x64.ActiveCfg = Profile|Gaming.Desktop.x64
		{052C4858-C76F-4CEA-8A1A-E8E5559E67C2}.Profile|Gaming.Desktop.x64.Build.0 = Profile|Gaming.Desktop.x64
		{052C4858-C76F-4CEA-8A1A-E8E5559E67C2}.Profile|Gaming.Xbox.Scarlett.x64.ActiveCfg = Profile|Gaming.Xbox.Scarlett.x64
		{052C4858-C76F-4CEA-8A1A-E8E5559E67C2}.Profile|Gaming.Xbox.Scarlett.x64.Build.0 = Profile|Gaming.Xbox.Scarlett.x64
		{052C4858-C76F-4CEA-8A1A-E8E5559E67C2}.Profile|Gaming.Xbox.XboxOne.x64.ActiveCfg = Profile|Gaming.Xbox.XboxOne.x64
		{052C4858-C76F-4CEA-8A1A-E8E5559E67C2}.Profile|Gaming.Xbox.XboxOne.x64.Build.0 = Profile|Gaming.Xbox.XboxOne.x64
		{052C4858-C76F-4CEA-8A1A-E8E5559E67C2}.Profile|x64.ActiveCfg = Profile|Gaming.Xbox.Scarlett.x64
		{052C4858-C76F-4CEA-8A1A-E8E5559E67C2}.Profile|x86.ActiveCfg = Profile|Gaming.Xbox.Scarlett.x64
		{052C4858-C76F-4CEA-8A1A-E8E5559E67C2}.Release|Any CPU.ActiveCfg = Release|Gaming.Xbox.XboxOne.x64
		{052C4858-C76F-4CEA-8A1A-E8E5559E67C2}.Release|ARM.ActiveCfg = Release|Gaming.Xbox.Scarlett.x64
		{052C4858-C76F-4CEA-8A1A-E8E5559E67C2}.Release|ARM64.ActiveCfg = Release|Gaming.Xbox.Scarlett.x64
		{052C4858-C76F-4CEA-8A1A-E8E5559E67C2}.Release|Gaming.Desktop.x64.ActiveCfg = Release|Gaming.Desktop.x64
		{052C4858-C76F-4CEA-8A1A-E8E5559E67C2}.Release|Gaming.Desktop.x64.Build.0 = Release|Gaming.Desktop.x64
		{052C4858-C76F-4CEA-8A1A-E8E5559E67C2}.Release|Gaming.Xbox.Scarlett.x64.ActiveCfg = Release|Gaming.Xbox.Scarlett.x64
		{052C4858-C76F-4CEA-8A1A-E8E5559E67C2}.Release|Gaming.Xbox.Scarlett.x64.Build.0 = Release|Gaming.Xbox.Scarlett.x64
		{052C4858-C76F-4CEA-8A1A-E8E5559E67C2}.Release|Gaming.Xbox.XboxOne.x64.ActiveCfg = Release|Gaming.Xbox.XboxOne.x64
		{052C4858-C76F-4CEA-8A1A-E8E5559E67C2}.Release|Gaming.Xbox.XboxOne.x64.Build.0 = Release|Gaming.Xbox.XboxOne.x64
		{052C4858-C76F-4CEA-8A1A-E8E5559E67C2}.Release|x64.ActiveCfg = Release|Gaming.Xbox.Scarlett.x64
		{052C4858-C76F-4CEA-8A1A-E8E5559E67C2}.Release|x86.ActiveCfg = Release|Gaming.Xbox.Scarlett.x64
		{46F31A54-4C74-41A8-B294-26B5689E51EF}.Debug|Any CPU.ActiveCfg = Debug|Gaming.Xbox.XboxOne.x64
		{46F31A54-4C74-41A8-B294-26B5689E51EF}.Debug|ARM.ActiveCfg = Debug|Gaming.Xbox.Scarlett.x64
		{46F31A54-4C74-41A8-B294-26B5689E51EF}.Debug|ARM64.ActiveCfg = Debug|Gaming.Xbox.Scarlett.x64
		{46F31A54-4C74-41A8-B294-26B5689E51EF}.Debug|Gaming.Desktop.x64.ActiveCfg = Debug|Gaming.Desktop.x64
		{46F31A54-4C74-41A8-B294-26B5689E51EF}.Debug|Gaming.Desktop.x64.Build.0 = Debug|Gaming.Desktop.x64
		{46F31A54-4C74-41A8-B294-26B5689E51EF}.Debug|Gaming.Desktop.x64.Deploy.0 = Debug|Gaming.Desktop.x64
		{46F31A54-4C74-41A8-B294-26B5689E51EF}.Debug|Gaming.Xbox.Scarlett.x64.ActiveCfg = Debug|Gaming.Xbox.Scarlett.x64
		{46F31A54-4C74-41A8-B294-26B5689E51EF}.Debug|Gaming.Xbox.Scarlett.x64.Build.0 = Debug|Gaming.Xbox.Scarlett.x64
		{46F31A54-4C74-41A8-B294-26B5689E51EF}.Debug|Gaming.Xbox.Scarlett.x64.Deploy.0 = Debug|Gaming.Xbox.Scarlett.x64
		{46F31A54-4C74-41A8-B294-26B5689E51EF}.Debug|Gaming.Xbox.XboxOne.x64.ActiveCfg = Debug|Gaming.Xbox.XboxOne.x64
		{46F31A54-4C74-41A8-B294-26B5689E51EF}.Debug|Gaming.Xbox.XboxOne.x64.Build.0 = Debug|Gaming.Xbox.XboxOne.x64
		{46F31A54-4C74-41A8-B294-26B5689E51EF}.Debug|Gaming.Xbox.XboxOne.x64.Deploy.0 = Debug|Gaming.Xbox.XboxOne.x64
		{46F31A54-4C74-41A8-B294-26B5689E51EF}.Debug|x64.ActiveCfg = Debug|Gaming.Xbox.Scarlett.x64
		{46F31A54-4C74-41A8-B294-26B5689E51EF}.Debug|x86.ActiveCfg = Debug|Gaming.Xbox.Scarlett.x64
		{46F31A54-4C74-41A8-B294-26B5689E51EF}.Profile|Any CPU.ActiveCfg = Profile|Gaming.Xbox.XboxOne.x64
		{46F31A54-4C74-41A8-B294-26B5689E51EF}.Profile|ARM.ActiveCfg = Profile|Gaming.Xbox.Scarlett.x64
		{46F31A54-4C74-41A8-B294-26B5689E51EF}.Profile|ARM64.ActiveCfg = Profile|Gaming.Xbox.Scarlett.x64
		{46F31A54-4C74-41A8-B294-26B5689E51EF}.Profile|Gaming.Desktop.x64.ActiveCfg = Profile|Gaming.Desktop.x64
		{46F31A54-4C74-41A8-B294-26B5689E51EF}.Profile|Gaming.Desktop.x64.Build.0 = Profile|Gaming.Desktop.x64
		{46F31A54-4C74-41A8-B294-26B5689E51EF}.Profile|Gaming.Desktop.x64.Deploy.0 = Profile|Gaming.Desktop.x64
		{46F31A54-4C74-41A8-B294-26B5689E51EF}.Profile|Gaming.Xbox.Scarlett.x64.ActiveCfg = Profile|Gaming.Xbox.Scarlett.x64
		{46F31A54-4C74-41A8-B294-26B5689E51EF}.Profile|Gaming.Xbox.Scarlett.x64.Build.0 = Profile|Gaming.Xbox.Scarlett.x64
		{46F31A54-4C74-41A8-B294-26B5689E51EF}.Profile|Gaming.Xbox.Scarlett.x64.Deploy.0 = Profile|Gaming.Xbox.Scarlett.x64
		{46F31A54-4C74-41A8-B294-26B5689E51EF}.Profile|Gaming.Xbox.XboxOne.x64.ActiveCfg = Profile|Gaming.Xbox.XboxOne.x64
		{46F31A54-4C74-41A8-B294-26B5689E51EF}.Profile|Gaming.Xbox.XboxOne.x64.Build.0 = Profile|Gaming.Xbox.XboxOne.x64
		{46F31A54-4C74-41A8-B294-26B5689E51EF}.Profile|Gaming.Xbox.XboxOne.x64.Deploy.0 = Profile|Gaming.Xbox.XboxOne.x64
		{46F31A54-4C74-41A8-B294-26B5689E51EF}.Profile|x64.ActiveCfg = Profile|Gaming.Xbox.Scarlett.x64
		{46F31A54-4C74-41A8-B294-26B5689E51EF}.Profile|x86.ActiveCfg = Profile|Gaming.Xbox.Scarlett.x64
		{46F31A54-4C74-41A8-B294-26B5689E51EF}.Release|Any CPU.ActiveCfg = Release|Gaming.Xbox.XboxOne.x64
		{46F31A54-4C74-41A8-B294-26B5689E51EF}.Release|ARM.ActiveCfg = Release|Gaming.Xbox.Scarlett.x64
		{46F31A54-4C74-41A8-B294-26B5689E51EF}.Release|ARM64.ActiveCfg = Release|Gaming.Xbox.Scarlett.x64
		{46F31A54-4C74-41A8-B294-26B5689E51EF}.Release|Gaming.Desktop.x64.ActiveCfg = Release|Gaming.Desktop.x64
		{46F31A54-4C74-41A8-B294-26B5689E51EF}.Release|Gaming.Desktop.x64.Build.0 = Release|Gaming.Desktop.x64
		{46F31A54-4C74-41A8-B294-26B5689E51EF}.Release|Gaming.Desktop.x64.Deploy.0 = Release|Gaming.Desktop.x64
		{46F31A54-4C74-41A8-B294-26B5689E51EF}.Release|Gaming.Xbox.Scarlett.x64.ActiveCfg = Release|Gaming.Xbox.Scarlett.x64
		{46F31A54-4C74-41A8-B294-26B5689E51EF}.Release|Gaming.Xbox.Scarlett.x64.Build.0 = Release|Gaming.Xbox.Scarlett.x64
		{46F31A54-4C74-41A8-B294-26B5689E51EF}.Release|Gaming.Xbox.Scarlett.x64.Deploy.0 = Release|Gaming.Xbox.Scarlett.x64
		{46F31A54-4C74-41A8-B294-26B5689E51EF}.Release|Gaming.Xbox.XboxOne.x64.ActiveCfg = Release|Gaming.Xbox.XboxOne.x64
		{46F31A54-4C74-41A8-B294-26B5689E51EF}.Release|Gaming.Xbox.XboxOne.x64.Build.0 = Release|Gaming.Xbox.XboxOne.x64
		{46F31A54-4C74-41A8-B294-26B5689E51EF}.Release|Gaming.Xbox.XboxOne.x64.Deploy.0 = Release|Gaming.Xbox.XboxOne.x64
		{46F31A54-4C74-41A8-B294-26B5689E51EF}.Release|x64.ActiveCfg = Release|Gaming.Xbox.Scarlett.x64
		{46F31A54-4C74-41A8-B294-26B5689E51EF}.Release|x86.ActiveCfg = Release|Gaming.Xbox.Scarlett.x64
		{21C651D1-61D7-46C5-BD23-128E40329AA5}.Debug|Any CPU.ActiveCfg = Debug|Any CPU
		{21C651D1-61D7-46C5-BD23-128E40329AA5}.Debug|Any CPU.Build.0 = Debug|Any CPU
		{21C651D1-61D7-46C5-BD23-128E40329AA5}.Debug|ARM.ActiveCfg = Debug|Any CPU
		{21C651D1-61D7-46C5-BD23-128E40329AA5}.Debug|ARM.Build.0 = Debug|Any CPU
		{21C651D1-61D7-46C5-BD23-128E40329AA5}.Debug|ARM64.ActiveCfg = Debug|Any CPU
		{21C651D1-61D7-46C5-BD23-128E40329AA5}.Debug|ARM64.Build.0 = Debug|Any CPU
		{21C651D1-61D7-46C5-BD23-128E40329AA5}.Debug|Gaming.Desktop.x64.ActiveCfg = Debug|Any CPU
		{21C651D1-61D7-46C5-BD23-128E40329AA5}.Debug|Gaming.Desktop.x64.Build.0 = Debug|Any CPU
		{21C651D1-61D7-46C5-BD23-128E40329AA5}.Debug|Gaming.Xbox.Scarlett.x64.ActiveCfg = Debug|Any CPU
		{21C651D1-61D7-46C5-BD23-128E40329AA5}.Debug|Gaming.Xbox.Scarlett.x64.Build.0 = Debug|Any CPU
		{21C651D1-61D7-46C5-BD23-128E40329AA5}.Debug|Gaming.Xbox.XboxOne.x64.ActiveCfg = Debug|Any CPU
		{21C651D1-61D7-46C5-BD23-128E40329AA5}.Debug|Gaming.Xbox.XboxOne.x64.Build.0 = Debug|Any CPU
		{21C651D1-61D7-46C5-BD23-128E40329AA5}.Debug|x64.ActiveCfg = Debug|Any CPU
		{21C651D1-61D7-46C5-BD23-128E40329AA5}.Debug|x64.Build.0 = Debug|Any CPU
		{21C651D1-61D7-46C5-BD23-128E40329AA5}.Debug|x86.ActiveCfg = Debug|Any CPU
		{21C651D1-61D7-46C5-BD23-128E40329AA5}.Debug|x86.Build.0 = Debug|Any CPU
		{21C651D1-61D7-46C5-BD23-128E40329AA5}.Profile|Any CPU.ActiveCfg = Release|Any CPU
		{21C651D1-61D7-46C5-BD23-128E40329AA5}.Profile|Any CPU.Build.0 = Release|Any CPU
		{21C651D1-61D7-46C5-BD23-128E40329AA5}.Profile|ARM.ActiveCfg = Release|Any CPU
		{21C651D1-61D7-46C5-BD23-128E40329AA5}.Profile|ARM.Build.0 = Release|Any CPU
		{21C651D1-61D7-46C5-BD23-128E40329AA5}.Profile|ARM64.ActiveCfg = Release|Any CPU
		{21C651D1-61D7-46C5-BD23-128E40329AA5}.Profile|ARM64.Build.0 = Release|Any CPU
		{21C651D1-61D7-46C5-BD23-128E40329AA5}.Profile|Gaming.Desktop.x64.ActiveCfg = Release|Any CPU
		{21C651D1-61D7-46C5-BD23-128E40329AA5}.Profile|Gaming.Desktop.x64.Build.0 = Release|Any CPU
		{21C651D1-61D7-46C5-BD23-128E40329AA5}.Profile|Gaming.Xbox.Scarlett.x64.ActiveCfg = Release|Any CPU
		{21C651D1-61D7-46C5-BD23-128E40329AA5}.Profile|Gaming.Xbox.Scarlett.x64.Build.0 = Release|Any CPU
		{21C651D1-61D7-46C5-BD23-128E40329AA5}.Profile|Gaming.Xbox.XboxOne.x64.ActiveCfg = Release|Any CPU
		{21C651D1-61D7-46C5-BD23-128E40329AA5}.Profile|Gaming.Xbox.XboxOne.x64.Build.0 = Release|Any CPU
		{21C651D1-61D7-46C5-BD23-128E40329AA5}.Profile|x64.ActiveCfg = Release|Any CPU
		{21C651D1-61D7-46C5-BD23-128E40329AA5}.Profile|x64.Build.0 = Release|Any CPU
		{21C651D1-61D7-46C5-BD23-128E40329AA5}.Profile|x86.ActiveCfg = Release|Any CPU
		{21C651D1-61D7-46C5-BD23-128E40329AA5}.Profile|x86.Build.0 = Release|Any CPU
		{21C651D1-61D7-46C5-BD23-128E40329AA5}.Release|Any CPU.ActiveCfg = Release|Any CPU
		{21C651D1-61D7-46C5-BD23-128E40329AA5}.Release|Any CPU.Build.0 = Release|Any CPU
		{21C651D1-61D7-46C5-BD23-128E40329AA5}.Release|ARM.ActiveCfg = Release|Any CPU
		{21C651D1-61D7-46C5-BD23-128E40329AA5}.Release|ARM.Build.0 = Release|Any CPU
		{21C651D1-61D7-46C5-BD23-128E40329AA5}.Release|ARM64.ActiveCfg = Release|Any CPU
		{21C651D1-61D7-46C5-BD23-128E40329AA5}.Release|ARM64.Build.0 = Release|Any CPU
		{21C651D1-61D7-46C5-BD23-128E40329AA5}.Release|Gaming.Desktop.x64.ActiveCfg = Release|Any CPU
		{21C651D1-61D7-46C5-BD23-128E40329AA5}.Release|Gaming.Desktop.x64.Build.0 = Release|Any CPU
		{21C651D1-61D7-46C5-BD23-128E40329AA5}.Release|Gaming.Xbox.Scarlett.x64.ActiveCfg = Release|Any CPU
		{21C651D1-61D7-46C5-BD23-128E40329AA5}.Release|Gaming.Xbox.Scarlett.x64.Build.0 = Release|Any CPU
		{21C651D1-61D7-46C5-BD23-128E40329AA5}.Release|Gaming.Xbox.XboxOne.x64.ActiveCfg = Release|Any CPU
		{21C651D1-61D7-46C5-BD23-128E40329AA5}.Release|Gaming.Xbox.XboxOne.x64.Build.0 = Release|Any CPU
		{21C651D1-61D7-46C5-BD23-128E40329AA5}.Release|x64.ActiveCfg = Release|Any CPU
		{21C651D1-61D7-46C5-BD23-128E40329AA5}.Release|x64.Build.0 = Release|Any CPU
		{21C651D1-61D7-46C5-BD23-128E40329AA5}.Release|x86.ActiveCfg = Release|Any CPU
		{21C651D1-61D7-46C5-BD23-128E40329AA5}.Release|x86.Build.0 = Release|Any CPU
		{80D8061D-BBEF-414D-8F08-4D8B52C02E85}.Debug|Any CPU.ActiveCfg = Debug|Gaming.Desktop.x64
		{80D8061D-BBEF-414D-8F08-4D8B52C02E85}.Debug|ARM.ActiveCfg = Debug|Gaming.Desktop.x64
		{80D8061D-BBEF-414D-8F08-4D8B52C02E85}.Debug|ARM64.ActiveCfg = Debug|Gaming.Desktop.x64
		{80D8061D-BBEF-414D-8F08-4D8B52C02E85}.Debug|Gaming.Desktop.x64.ActiveCfg = Debug|Gaming.Desktop.x64
		{80D8061D-BBEF-414D-8F08-4D8B52C02E85}.Debug|Gaming.Desktop.x64.Build.0 = Debug|Gaming.Desktop.x64
		{80D8061D-BBEF-414D-8F08-4D8B52C02E85}.Debug|Gaming.Xbox.Scarlett.x64.ActiveCfg = Debug|Gaming.Desktop.x64
		{80D8061D-BBEF-414D-8F08-4D8B52C02E85}.Debug|Gaming.Xbox.XboxOne.x64.ActiveCfg = Debug|Gaming.Desktop.x64
		{80D8061D-BBEF-414D-8F08-4D8B52C02E85}.Debug|x64.ActiveCfg = Debug|Gaming.Desktop.x64
		{80D8061D-BBEF-414D-8F08-4D8B52C02E85}.Debug|x86.ActiveCfg = Debug|Gaming.Desktop.x64
		{80D8061D-BBEF-414D-8F08-4D8B52C02E85}.Profile|Any CPU.ActiveCfg = Release|Gaming.Desktop.x64
		{80D8061D-BBEF-414D-8F08-4D8B52C02E85}.Profile|Any CPU.Build.0 = Release|Gaming.Desktop.x64
		{80D8061D-BBEF-414D-8F08-4D8B52C02E85}.Profile|ARM.ActiveCfg = Release|Gaming.Desktop.x64
		{80D8061D-BBEF-414D-8F08-4D8B52C02E85}.Profile|ARM.Build.0 = Release|Gaming.Desktop.x64
		{80D8061D-BBEF-414D-8F08-4D8B52C02E85}.Profile|ARM64.ActiveCfg = Release|Gaming.Desktop.x64
		{80D8061D-BBEF-414D-8F08-4D8B52C02E85}.Profile|ARM64.Build.0 = Release|Gaming.Desktop.x64
		{80D8061D-BBEF-414D-8F08-4D8B52C02E85}.Profile|Gaming.Desktop.x64.ActiveCfg = Release|Gaming.Desktop.x64
		{80D8061D-BBEF-414D-8F08-4D8B52C02E85}.Profile|Gaming.Desktop.x64.Build.0 = Release|Gaming.Desktop.x64
		{80D8061D-BBEF-414D-8F08-4D8B52C02E85}.Profile|Gaming.Xbox.Scarlett.x64.ActiveCfg = Release|Gaming.Desktop.x64
		{80D8061D-BBEF-414D-8F08-4D8B52C02E85}.Profile|Gaming.Xbox.Scarlett.x64.Build.0 = Release|Gaming.Desktop.x64
		{80D8061D-BBEF-414D-8F08-4D8B52C02E85}.Profile|Gaming.Xbox.XboxOne.x64.ActiveCfg = Release|Gaming.Desktop.x64
		{80D8061D-BBEF-414D-8F08-4D8B52C02E85}.Profile|Gaming.Xbox.XboxOne.x64.Build.0 = Release|Gaming.Desktop.x64
		{80D8061D-BBEF-414D-8F08-4D8B52C02E85}.Profile|x64.ActiveCfg = Release|Gaming.Desktop.x64
		{80D8061D-BBEF-414D-8F08-4D8B52C02E85}.Profile|x64.Build.0 = Release|Gaming.Desktop.x64
		{80D8061D-BBEF-414D-8F08-4D8B52C02E85}.Profile|x86.ActiveCfg = Release|Gaming.Desktop.x64
		{80D8061D-BBEF-414D-8F08-4D8B52C02E85}.Profile|x86.Build.0 = Release|Gaming.Desktop.x64
		{80D8061D-BBEF-414D-8F08-4D8B52C02E85}.Release|Any CPU.ActiveCfg = Release|Gaming.Desktop.x64
		{80D8061D-BBEF-414D-8F08-4D8B52C02E85}.Release|ARM.ActiveCfg = Release|Gaming.Desktop.x64
		{80D8061D-BBEF-414D-8F08-4D8B52C02E85}.Release|ARM64.ActiveCfg = Release|Gaming.Desktop.x64
		{80D8061D-BBEF-414D-8F08-4D8B52C02E85}.Release|Gaming.Desktop.x64.ActiveCfg = Release|Gaming.Desktop.x64
		{80D8061D-BBEF-414D-8F08-4D8B52C02E85}.Release|Gaming.Desktop.x64.Build.0 = Release|Gaming.Desktop.x64
		{80D8061D-BBEF-414D-8F08-4D8B52C02E85}.Release|Gaming.Xbox.Scarlett.x64.ActiveCfg = Release|Gaming.Desktop.x64
		{80D8061D-BBEF-414D-8F08-4D8B52C02E85}.Release|Gaming.Xbox.XboxOne.x64.ActiveCfg = Release|Gaming.Desktop.x64
		{80D8061D-BBEF-414D-8F08-4D8B52C02E85}.Release|x64.ActiveCfg = Release|Gaming.Desktop.x64
		{80D8061D-BBEF-414D-8F08-4D8B52C02E85}.Release|x86.ActiveCfg = Release|Gaming.Desktop.x64
		{3092CCC9-DB6E-4199-95CC-4959950B95FA}.Debug|Any CPU.ActiveCfg = Debug|Win32
		{3092CCC9-DB6E-4199-95CC-4959950B95FA}.Debug|ARM.ActiveCfg = Debug|Win32
		{3092CCC9-DB6E-4199-95CC-4959950B95FA}.Debug|ARM64.ActiveCfg = Debug|Win32
		{3092CCC9-DB6E-4199-95CC-4959950B95FA}.Debug|Gaming.Desktop.x64.ActiveCfg = Debug|Win32
		{3092CCC9-DB6E-4199-95CC-4959950B95FA}.Debug|Gaming.Xbox.Scarlett.x64.ActiveCfg = Debug|Win32
		{3092CCC9-DB6E-4199-95CC-4959950B95FA}.Debug|Gaming.Xbox.XboxOne.x64.ActiveCfg = Debug|Win32
		{3092CCC9-DB6E-4199-95CC-4959950B95FA}.Debug|x64.ActiveCfg = Debug|x64
		{3092CCC9-DB6E-4199-95CC-4959950B95FA}.Debug|x64.Build.0 = Debug|x64
		{3092CCC9-DB6E-4199-95CC-4959950B95FA}.Debug|x86.ActiveCfg = Debug|Win32
		{3092CCC9-DB6E-4199-95CC-4959950B95FA}.Debug|x86.Build.0 = Debug|Win32
		{3092CCC9-DB6E-4199-95CC-4959950B95FA}.Profile|Any CPU.ActiveCfg = Release|x64
		{3092CCC9-DB6E-4199-95CC-4959950B95FA}.Profile|Any CPU.Build.0 = Release|x64
		{3092CCC9-DB6E-4199-95CC-4959950B95FA}.Profile|ARM.ActiveCfg = Release|Win32
		{3092CCC9-DB6E-4199-95CC-4959950B95FA}.Profile|ARM.Build.0 = Release|Win32
		{3092CCC9-DB6E-4199-95CC-4959950B95FA}.Profile|ARM64.ActiveCfg = Release|Win32
		{3092CCC9-DB6E-4199-95CC-4959950B95FA}.Profile|ARM64.Build.0 = Release|Win32
		{3092CCC9-DB6E-4199-95CC-4959950B95FA}.Profile|Gaming.Desktop.x64.ActiveCfg = Release|x64
		{3092CCC9-DB6E-4199-95CC-4959950B95FA}.Profile|Gaming.Desktop.x64.Build.0 = Release|x64
		{3092CCC9-DB6E-4199-95CC-4959950B95FA}.Profile|Gaming.Xbox.Scarlett.x64.ActiveCfg = Release|x64
		{3092CCC9-DB6E-4199-95CC-4959950B95FA}.Profile|Gaming.Xbox.Scarlett.x64.Build.0 = Release|x64
		{3092CCC9-DB6E-4199-95CC-4959950B95FA}.Profile|Gaming.Xbox.XboxOne.x64.ActiveCfg = Release|x64
		{3092CCC9-DB6E-4199-95CC-4959950B95FA}.Profile|Gaming.Xbox.XboxOne.x64.Build.0 = Release|x64
		{3092CCC9-DB6E-4199-95CC-4959950B95FA}.Profile|x64.ActiveCfg = Release|x64
		{3092CCC9-DB6E-4199-95CC-4959950B95FA}.Profile|x64.Build.0 = Release|x64
		{3092CCC9-DB6E-4199-95CC-4959950B95FA}.Profile|x86.ActiveCfg = Release|Win32
		{3092CCC9-DB6E-4199-95CC-4959950B95FA}.Profile|x86.Build.0 = Release|Win32
		{3092CCC9-DB6E-4199-95CC-4959950B95FA}.Release|Any CPU.ActiveCfg = Release|Win32
		{3092CCC9-DB6E-4199-95CC-4959950B95FA}.Release|ARM.ActiveCfg = Release|Win32
		{3092CCC9-DB6E-4199-95CC-4959950B95FA}.Release|ARM64.ActiveCfg = Release|Win32
		{3092CCC9-DB6E-4199-95CC-4959950B95FA}.Release|Gaming.Desktop.x64.ActiveCfg = Release|Win32
		{3092CCC9-DB6E-4199-95CC-4959950B95FA}.Release|Gaming.Xbox.Scarlett.x64.ActiveCfg = Release|Win32
		{3092CCC9-DB6E-4199-95CC-4959950B95FA}.Release|Gaming.Xbox.XboxOne.x64.ActiveCfg = Release|Win32
		{3092CCC9-DB6E-4199-95CC-4959950B95FA}.Release|x64.ActiveCfg = Release|x64
		{3092CCC9-DB6E-4199-95CC-4959950B95FA}.Release|x64.Build.0 = Release|x64
		{3092CCC9-DB6E-4199-95CC-4959950B95FA}.Release|x86.ActiveCfg = Release|Win32
		{3092CCC9-DB6E-4199-95CC-4959950B95FA}.Release|x86.Build.0 = Release|Win32
		{2C8E7AF1-A395-4695-A116-63000F910ABD}.Debug|Any CPU.ActiveCfg = Debug|Win32
		{2C8E7AF1-A395-4695-A116-63000F910ABD}.Debug|ARM.ActiveCfg = Debug|Win32
		{2C8E7AF1-A395-4695-A116-63000F910ABD}.Debug|ARM64.ActiveCfg = Debug|ARM64
		{2C8E7AF1-A395-4695-A116-63000F910ABD}.Debug|ARM64.Build.0 = Debug|ARM64
		{2C8E7AF1-A395-4695-A116-63000F910ABD}.Debug|Gaming.Desktop.x64.ActiveCfg = Debug|Win32
		{2C8E7AF1-A395-4695-A116-63000F910ABD}.Debug|Gaming.Xbox.Scarlett.x64.ActiveCfg = Debug|Win32
		{2C8E7AF1-A395-4695-A116-63000F910ABD}.Debug|Gaming.Xbox.XboxOne.x64.ActiveCfg = Debug|Win32
		{2C8E7AF1-A395-4695-A116-63000F910ABD}.Debug|x64.ActiveCfg = Debug|x64
		{2C8E7AF1-A395-4695-A116-63000F910ABD}.Debug|x64.Build.0 = Debug|x64
		{2C8E7AF1-A395-4695-A116-63000F910ABD}.Debug|x86.ActiveCfg = Debug|Win32
		{2C8E7AF1-A395-4695-A116-63000F910ABD}.Debug|x86.Build.0 = Debug|Win32
		{2C8E7AF1-A395-4695-A116-63000F910ABD}.Profile|Any CPU.ActiveCfg = Release|x64
		{2C8E7AF1-A395-4695-A116-63000F910ABD}.Profile|Any CPU.Build.0 = Release|x64
		{2C8E7AF1-A395-4695-A116-63000F910ABD}.Profile|ARM.ActiveCfg = Release|x64
		{2C8E7AF1-A395-4695-A116-63000F910ABD}.Profile|ARM.Build.0 = Release|x64
		{2C8E7AF1-A395-4695-A116-63000F910ABD}.Profile|ARM64.ActiveCfg = Release|ARM64
		{2C8E7AF1-A395-4695-A116-63000F910ABD}.Profile|ARM64.Build.0 = Release|ARM64
		{2C8E7AF1-A395-4695-A116-63000F910ABD}.Profile|Gaming.Desktop.x64.ActiveCfg = Release|x64
		{2C8E7AF1-A395-4695-A116-63000F910ABD}.Profile|Gaming.Desktop.x64.Build.0 = Release|x64
		{2C8E7AF1-A395-4695-A116-63000F910ABD}.Profile|Gaming.Xbox.Scarlett.x64.ActiveCfg = Release|x64
		{2C8E7AF1-A395-4695-A116-63000F910ABD}.Profile|Gaming.Xbox.Scarlett.x64.Build.0 = Release|x64
		{2C8E7AF1-A395-4695-A116-63000F910ABD}.Profile|Gaming.Xbox.XboxOne.x64.ActiveCfg = Release|x64
		{2C8E7AF1-A395-4695-A116-63000F910ABD}.Profile|Gaming.Xbox.XboxOne.x64.Build.0 = Release|x64
		{2C8E7AF1-A395-4695-A116-63000F910ABD}.Profile|x64.ActiveCfg = Release|x64
		{2C8E7AF1-A395-4695-A116-63000F910ABD}.Profile|x64.Build.0 = Release|x64
		{2C8E7AF1-A395-4695-A116-63000F910ABD}.Profile|x86.ActiveCfg = Release|Win32
		{2C8E7AF1-A395-4695-A116-63000F910ABD}.Profile|x86.Build.0 = Release|Win32
		{2C8E7AF1-A395-4695-A116-63000F910ABD}.Release|Any CPU.ActiveCfg = Release|Win32
		{2C8E7AF1-A395-4695-A116-63000F910ABD}.Release|ARM.ActiveCfg = Release|Win32
		{2C8E7AF1-A395-4695-A116-63000F910ABD}.Release|ARM64.ActiveCfg = Release|ARM64
		{2C8E7AF1-A395-4695-A116-63000F910ABD}.Release|ARM64.Build.0 = Release|ARM64
		{2C8E7AF1-A395-4695-A116-63000F910ABD}.Release|Gaming.Desktop.x64.ActiveCfg = Release|Win32
		{2C8E7AF1-A395-4695-A116-63000F910ABD}.Release|Gaming.Xbox.Scarlett.x64.ActiveCfg = Release|Win32
		{2C8E7AF1-A395-4695-A116-63000F910ABD}.Release|Gaming.Xbox.XboxOne.x64.ActiveCfg = Release|Win32
		{2C8E7AF1-A395-4695-A116-63000F910ABD}.Release|x64.ActiveCfg = Release|x64
		{2C8E7AF1-A395-4695-A116-63000F910ABD}.Release|x64.Build.0 = Release|x64
		{2C8E7AF1-A395-4695-A116-63000F910ABD}.Release|x86.ActiveCfg = Release|Win32
		{2C8E7AF1-A395-4695-A116-63000F910ABD}.Release|x86.Build.0 = Release|Win32
		{9164C6C9-3872-4922-A3E3-3822622D3E71}.Debug|Any CPU.ActiveCfg = Debug|Win32
		{9164C6C9-3872-4922-A3E3-3822622D3E71}.Debug|ARM.ActiveCfg = Debug|ARM
		{9164C6C9-3872-4922-A3E3-3822622D3E71}.Debug|ARM.Build.0 = Debug|ARM
		{9164C6C9-3872-4922-A3E3-3822622D3E71}.Debug|ARM64.ActiveCfg = Debug|ARM64
		{9164C6C9-3872-4922-A3E3-3822622D3E71}.Debug|ARM64.Build.0 = Debug|ARM64
		{9164C6C9-3872-4922-A3E3-3822622D3E71}.Debug|Gaming.Desktop.x64.ActiveCfg = Debug|Win32
		{9164C6C9-3872-4922-A3E3-3822622D3E71}.Debug|Gaming.Xbox.Scarlett.x64.ActiveCfg = Debug|Win32
		{9164C6C9-3872-4922-A3E3-3822622D3E71}.Debug|Gaming.Xbox.XboxOne.x64.ActiveCfg = Debug|Win32
		{9164C6C9-3872-4922-A3E3-3822622D3E71}.Debug|x64.ActiveCfg = Debug|x64
		{9164C6C9-3872-4922-A3E3-3822622D3E71}.Debug|x64.Build.0 = Debug|x64
		{9164C6C9-3872-4922-A3E3-3822622D3E71}.Debug|x86.ActiveCfg = Debug|Win32
		{9164C6C9-3872-4922-A3E3-3822622D3E71}.Debug|x86.Build.0 = Debug|Win32
		{9164C6C9-3872-4922-A3E3-3822622D3E71}.Profile|Any CPU.ActiveCfg = Release|x64
		{9164C6C9-3872-4922-A3E3-3822622D3E71}.Profile|Any CPU.Build.0 = Release|x64
		{9164C6C9-3872-4922-A3E3-3822622D3E71}.Profile|ARM.ActiveCfg = Release|ARM
		{9164C6C9-3872-4922-A3E3-3822622D3E71}.Profile|ARM.Build.0 = Release|ARM
		{9164C6C9-3872-4922-A3E3-3822622D3E71}.Profile|ARM64.ActiveCfg = Release|ARM64
		{9164C6C9-3872-4922-A3E3-3822622D3E71}.Profile|ARM64.Build.0 = Release|ARM64
		{9164C6C9-3872-4922-A3E3-3822622D3E71}.Profile|Gaming.Desktop.x64.ActiveCfg = Release|x64
		{9164C6C9-3872-4922-A3E3-3822622D3E71}.Profile|Gaming.Desktop.x64.Build.0 = Release|x64
		{9164C6C9-3872-4922-A3E3-3822622D3E71}.Profile|Gaming.Xbox.Scarlett.x64.ActiveCfg = Release|x64
		{9164C6C9-3872-4922-A3E3-3822622D3E71}.Profile|Gaming.Xbox.Scarlett.x64.Build.0 = Release|x64
		{9164C6C9-3872-4922-A3E3-3822622D3E71}.Profile|Gaming.Xbox.XboxOne.x64.ActiveCfg = Release|x64
		{9164C6C9-3872-4922-A3E3-3822622D3E71}.Profile|Gaming.Xbox.XboxOne.x64.Build.0 = Release|x64
		{9164C6C9-3872-4922-A3E3-3822622D3E71}.Profile|x64.ActiveCfg = Release|x64
		{9164C6C9-3872-4922-A3E3-3822622D3E71}.Profile|x64.Build.0 = Release|x64
		{9164C6C9-3872-4922-A3E3-3822622D3E71}.Profile|x86.ActiveCfg = Release|Win32
		{9164C6C9-3872-4922-A3E3-3822622D3E71}.Profile|x86.Build.0 = Release|Win32
		{9164C6C9-3872-4922-A3E3-3822622D3E71}.Release|Any CPU.ActiveCfg = Release|Win32
		{9164C6C9-3872-4922-A3E3-3822622D3E71}.Release|ARM.ActiveCfg = Release|ARM
		{9164C6C9-3872-4922-A3E3-3822622D3E71}.Release|ARM.Build.0 = Release|ARM
		{9164C6C9-3872-4922-A3E3-3822622D3E71}.Release|ARM64.ActiveCfg = Release|ARM64
		{9164C6C9-3872-4922-A3E3-3822622D3E71}.Release|ARM64.Build.0 = Release|ARM64
		{9164C6C9-3872-4922-A3E3-3822622D3E71}.Release|Gaming.Desktop.x64.ActiveCfg = Release|Win32
		{9164C6C9-3872-4922-A3E3-3822622D3E71}.Release|Gaming.Xbox.Scarlett.x64.ActiveCfg = Release|Win32
		{9164C6C9-3872-4922-A3E3-3822622D3E71}.Release|Gaming.Xbox.XboxOne.x64.ActiveCfg = Release|Win32
		{9164C6C9-3872-4922-A3E3-3822622D3E71}.Release|x64.ActiveCfg = Release|x64
		{9164C6C9-3872-4922-A3E3-3822622D3E71}.Release|x64.Build.0 = Release|x64
		{9164C6C9-3872-4922-A3E3-3822622D3E71}.Release|x86.ActiveCfg = Release|Win32
		{9164C6C9-3872-4922-A3E3-3822622D3E71}.Release|x86.Build.0 = Release|Win32
		{13457617-8476-4708-A601-AF998F6EDF21}.Debug|Any CPU.ActiveCfg = Debug|Win32
		{13457617-8476-4708-A601-AF998F6EDF21}.Debug|ARM.ActiveCfg = Debug|Win32
		{13457617-8476-4708-A601-AF998F6EDF21}.Debug|ARM64.ActiveCfg = Debug|ARM64
		{13457617-8476-4708-A601-AF998F6EDF21}.Debug|ARM64.Build.0 = Debug|ARM64
		{13457617-8476-4708-A601-AF998F6EDF21}.Debug|Gaming.Desktop.x64.ActiveCfg = Debug|Win32
		{13457617-8476-4708-A601-AF998F6EDF21}.Debug|Gaming.Xbox.Scarlett.x64.ActiveCfg = Debug|Win32
		{13457617-8476-4708-A601-AF998F6EDF21}.Debug|Gaming.Xbox.XboxOne.x64.ActiveCfg = Debug|Win32
		{13457617-8476-4708-A601-AF998F6EDF21}.Debug|x64.ActiveCfg = Debug|x64
		{13457617-8476-4708-A601-AF998F6EDF21}.Debug|x64.Build.0 = Debug|x64
		{13457617-8476-4708-A601-AF998F6EDF21}.Debug|x86.ActiveCfg = Debug|Win32
		{13457617-8476-4708-A601-AF998F6EDF21}.Debug|x86.Build.0 = Debug|Win32
		{13457617-8476-4708-A601-AF998F6EDF21}.Profile|Any CPU.ActiveCfg = Release|x64
		{13457617-8476-4708-A601-AF998F6EDF21}.Profile|Any CPU.Build.0 = Release|x64
		{13457617-8476-4708-A601-AF998F6EDF21}.Profile|ARM.ActiveCfg = Release|x64
		{13457617-8476-4708-A601-AF998F6EDF21}.Profile|ARM.Build.0 = Release|x64
		{13457617-8476-4708-A601-AF998F6EDF21}.Profile|ARM64.ActiveCfg = Release|ARM64
		{13457617-8476-4708-A601-AF998F6EDF21}.Profile|ARM64.Build.0 = Release|ARM64
		{13457617-8476-4708-A601-AF998F6EDF21}.Profile|Gaming.Desktop.x64.ActiveCfg = Release|x64
		{13457617-8476-4708-A601-AF998F6EDF21}.Profile|Gaming.Desktop.x64.Build.0 = Release|x64
		{13457617-8476-4708-A601-AF998F6EDF21}.Profile|Gaming.Xbox.Scarlett.x64.ActiveCfg = Release|x64
		{13457617-8476-4708-A601-AF998F6EDF21}.Profile|Gaming.Xbox.Scarlett.x64.Build.0 = Release|x64
		{13457617-8476-4708-A601-AF998F6EDF21}.Profile|Gaming.Xbox.XboxOne.x64.ActiveCfg = Release|x64
		{13457617-8476-4708-A601-AF998F6EDF21}.Profile|Gaming.Xbox.XboxOne.x64.Build.0 = Release|x64
		{13457617-8476-4708-A601-AF998F6EDF21}.Profile|x64.ActiveCfg = Release|x64
		{13457617-8476-4708-A601-AF998F6EDF21}.Profile|x64.Build.0 = Release|x64
		{13457617-8476-4708-A601-AF998F6EDF21}.Profile|x86.ActiveCfg = Release|Win32
		{13457617-8476-4708-A601-AF998F6EDF21}.Profile|x86.Build.0 = Release|Win32
		{13457617-8476-4708-A601-AF998F6EDF21}.Release|Any CPU.ActiveCfg = Release|Win32
		{13457617-8476-4708-A601-AF998F6EDF21}.Release|ARM.ActiveCfg = Release|Win32
		{13457617-8476-4708-A601-AF998F6EDF21}.Release|ARM64.ActiveCfg = Release|ARM64
		{13457617-8476-4708-A601-AF998F6EDF21}.Release|ARM64.Build.0 = Release|ARM64
		{13457617-8476-4708-A601-AF998F6EDF21}.Release|Gaming.Desktop.x64.ActiveCfg = Release|Win32
		{13457617-8476-4708-A601-AF998F6EDF21}.Release|Gaming.Xbox.Scarlett.x64.ActiveCfg = Release|Win32
		{13457617-8476-4708-A601-AF998F6EDF21}.Release|Gaming.Xbox.XboxOne.x64.ActiveCfg = Release|Win32
		{13457617-8476-4708-A601-AF998F6EDF21}.Release|x64.ActiveCfg = Release|x64
		{13457617-8476-4708-A601-AF998F6EDF21}.Release|x64.Build.0 = Release|x64
		{13457617-8476-4708-A601-AF998F6EDF21}.Release|x86.ActiveCfg = Release|Win32
		{13457617-8476-4708-A601-AF998F6EDF21}.Release|x86.Build.0 = Release|Win32
	EndGlobalSection
	GlobalSection(SolutionProperties) = preSolution
		HideSolutionNode = FALSE
	EndGlobalSection
	GlobalSection(NestedProjects) = preSolution
		{CBC0BEC4-131D-4868-9345-71813557FB39} = {DC381015-B171-4DA5-B7FA-7CDE8196C6D3}
		{DC381015-B171-4DA5-B7FA-7CDE8196C6D3} = {C9C47451-FCA6-4B7F-9BD0-20AD3B119737}
		{60139F62-BF37-4F11-BD93-5FBF4E92100C} = {C9C47451-FCA6-4B7F-9BD0-20AD3B119737}
		{E538394B-68CB-4597-87AD-7B6841CC1278} = {C9C47451-FCA6-4B7F-9BD0-20AD3B119737}
		{052C4858-C76F-4CEA-8A1A-E8E5559E67C2} = {DC381015-B171-4DA5-B7FA-7CDE8196C6D3}
		{46F31A54-4C74-41A8-B294-26B5689E51EF} = {DC381015-B171-4DA5-B7FA-7CDE8196C6D3}
		{21C651D1-61D7-46C5-BD23-128E40329AA5} = {C9C47451-FCA6-4B7F-9BD0-20AD3B119737}
		{80D8061D-BBEF-414D-8F08-4D8B52C02E85} = {C9C47451-FCA6-4B7F-9BD0-20AD3B119737}
		{3092CCC9-DB6E-4199-95CC-4959950B95FA} = {026C8F03-2B39-4984-9F71-D933E4455B2B}
		{2C8E7AF1-A395-4695-A116-63000F910ABD} = {026C8F03-2B39-4984-9F71-D933E4455B2B}
		{9164C6C9-3872-4922-A3E3-3822622D3E71} = {026C8F03-2B39-4984-9F71-D933E4455B2B}
		{13457617-8476-4708-A601-AF998F6EDF21} = {026C8F03-2B39-4984-9F71-D933E4455B2B}
	EndGlobalSection
	GlobalSection(ExtensibilityGlobals) = postSolution
		SolutionGuid = {622BB9B5-938F-41A2-BC8B-B7B3A64A73B5}
	EndGlobalSection
EndGlobal
