Microsoft Visual Studio Solution File, Format Version 12.00
# Visual Studio 15
VisualStudioVersion = 15.0.26430.16
MinimumVisualStudioVersion = 10.0.40219.1
Project("{8BC9CEB8-8B4A-11D0-8D11-00A0C91BC942}") = "Clubs_2017", "Clubs_2017.vcxproj", "{C9971737-D469-4BEE-901A-6FBB2A3BA7E1}"
EndProject
Project("{8BC9CEB8-8B4A-11D0-8D11-00A0C91BC942}") = "DirectXTK_XboxOneXDK_2017", "..\..\..\..\Kits\DirectXTK\DirectXTK_XboxOneXDK_2017.vcxproj", "{4FDFDCCD-EE2E-415C-B458-1E8FDB0D85F2}"
EndProject
Project("{8BC9CEB8-8B4A-11D0-8D11-00A0C91BC942}") = "Microsoft.Xbox.Services.141.XDK.Cpp", "..\..\..\..\..\Build\Microsoft.Xbox.Services.141.XDK.Cpp\Microsoft.Xbox.Services.141.XDK.Cpp.vcxproj", "{8A112040-CDA1-4490-B518-62DFCC451FA7}"
EndProject
Project("{8BC9CEB8-8B4A-11D0-8D11-00A0C91BC942}") = "casablanca141.xbox", "..\..\..\..\..\External\cpprestsdk\Release\src\build\vs15.xbox\casablanca141.Xbox.vcxproj", "{E621C269-D177-4C1B-80EA-C0A274B7A151}"
EndProject
Global
	GlobalSection(SolutionConfigurationPlatforms) = preSolution
		Debug|ARM = Debug|ARM
		Debug|Durango = Debug|Durango
		Debug|x64 = Debug|x64
		Debug|x86 = Debug|x86
		Profile|ARM = Profile|ARM
		Profile|Durango = Profile|Durango
		Profile|x64 = Profile|x64
		Profile|x86 = Profile|x86
		Release|ARM = Release|ARM
		Release|Durango = Release|Durango
		Release|x64 = Release|x64
		Release|x86 = Release|x86
	EndGlobalSection
	GlobalSection(ProjectConfigurationPlatforms) = postSolution
		{C9971737-D469-4BEE-901A-6FBB2A3BA7E1}.Debug|ARM.ActiveCfg = Debug|Durango
		{C9971737-D469-4BEE-901A-6FBB2A3BA7E1}.Debug|Durango.ActiveCfg = Debug|Durango
		{C9971737-D469-4BEE-901A-6FBB2A3BA7E1}.Debug|Durango.Build.0 = Debug|Durango
		{C9971737-D469-4BEE-901A-6FBB2A3BA7E1}.Debug|Durango.Deploy.0 = Debug|Durango
		{C9971737-D469-4BEE-901A-6FBB2A3BA7E1}.Debug|x64.ActiveCfg = Debug|Durango
		{C9971737-D469-4BEE-901A-6FBB2A3BA7E1}.Debug|x86.ActiveCfg = Debug|Durango
		{C9971737-D469-4BEE-901A-6FBB2A3BA7E1}.Profile|ARM.ActiveCfg = Profile|Durango
		{C9971737-D469-4BEE-901A-6FBB2A3BA7E1}.Profile|Durango.ActiveCfg = Profile|Durango
		{C9971737-D469-4BEE-901A-6FBB2A3BA7E1}.Profile|Durango.Build.0 = Profile|Durango
		{C9971737-D469-4BEE-901A-6FBB2A3BA7E1}.Profile|Durango.Deploy.0 = Profile|Durango
		{C9971737-D469-4BEE-901A-6FBB2A3BA7E1}.Profile|x64.ActiveCfg = Profile|Durango
		{C9971737-D469-4BEE-901A-6FBB2A3BA7E1}.Profile|x86.ActiveCfg = Profile|Durango
		{C9971737-D469-4BEE-901A-6FBB2A3BA7E1}.Release|ARM.ActiveCfg = Release|Durango
		{C9971737-D469-4BEE-901A-6FBB2A3BA7E1}.Release|Durango.ActiveCfg = Release|Durango
		{C9971737-D469-4BEE-901A-6FBB2A3BA7E1}.Release|Durango.Build.0 = Release|Durango
		{C9971737-D469-4BEE-901A-6FBB2A3BA7E1}.Release|Durango.Deploy.0 = Release|Durango
		{C9971737-D469-4BEE-901A-6FBB2A3BA7E1}.Release|x64.ActiveCfg = Release|Durango
		{C9971737-D469-4BEE-901A-6FBB2A3BA7E1}.Release|x86.ActiveCfg = Release|Durango
		{4FDFDCCD-EE2E-415C-B458-1E8FDB0D85F2}.Debug|ARM.ActiveCfg = Debug|Durango
		{4FDFDCCD-EE2E-415C-B458-1E8FDB0D85F2}.Debug|Durango.ActiveCfg = Debug|Durango
		{4FDFDCCD-EE2E-415C-B458-1E8FDB0D85F2}.Debug|Durango.Build.0 = Debug|Durango
		{4FDFDCCD-EE2E-415C-B458-1E8FDB0D85F2}.Debug|x64.ActiveCfg = Debug|Durango
		{4FDFDCCD-EE2E-415C-B458-1E8FDB0D85F2}.Debug|x86.ActiveCfg = Debug|Durango
		{4FDFDCCD-EE2E-415C-B458-1E8FDB0D85F2}.Profile|ARM.ActiveCfg = Profile|Durango
		{4FDFDCCD-EE2E-415C-B458-1E8FDB0D85F2}.Profile|Durango.ActiveCfg = Profile|Durango
		{4FDFDCCD-EE2E-415C-B458-1E8FDB0D85F2}.Profile|Durango.Build.0 = Profile|Durango
		{4FDFDCCD-EE2E-415C-B458-1E8FDB0D85F2}.Profile|x64.ActiveCfg = Profile|Durango
		{4FDFDCCD-EE2E-415C-B458-1E8FDB0D85F2}.Profile|x86.ActiveCfg = Profile|Durango
		{4FDFDCCD-EE2E-415C-B458-1E8FDB0D85F2}.Release|ARM.ActiveCfg = Release|Durango
		{4FDFDCCD-EE2E-415C-B458-1E8FDB0D85F2}.Release|Durango.ActiveCfg = Release|Durango
		{4FDFDCCD-EE2E-415C-B458-1E8FDB0D85F2}.Release|Durango.Build.0 = Release|Durango
		{4FDFDCCD-EE2E-415C-B458-1E8FDB0D85F2}.Release|x64.ActiveCfg = Release|Durango
		{4FDFDCCD-EE2E-415C-B458-1E8FDB0D85F2}.Release|x86.ActiveCfg = Release|Durango
		{8A112040-CDA1-4490-B518-62DFCC451FA7}.Debug|ARM.ActiveCfg = Debug|Durango
		{8A112040-CDA1-4490-B518-62DFCC451FA7}.Debug|Durango.ActiveCfg = Debug|Durango
		{8A112040-CDA1-4490-B518-62DFCC451FA7}.Debug|Durango.Build.0 = Debug|Durango
		{8A112040-CDA1-4490-B518-62DFCC451FA7}.Debug|x64.ActiveCfg = Debug|Durango
		{8A112040-CDA1-4490-B518-62DFCC451FA7}.Debug|x86.ActiveCfg = Debug|Durango
		{8A112040-CDA1-4490-B518-62DFCC451FA7}.Profile|ARM.ActiveCfg = Release|Durango
		{8A112040-CDA1-4490-B518-62DFCC451FA7}.Profile|ARM.Build.0 = Release|Durango
		{8A112040-CDA1-4490-B518-62DFCC451FA7}.Profile|Durango.ActiveCfg = Release|Durango
		{8A112040-CDA1-4490-B518-62DFCC451FA7}.Profile|Durango.Build.0 = Release|Durango
		{8A112040-CDA1-4490-B518-62DFCC451FA7}.Profile|x64.ActiveCfg = Release|Durango
		{8A112040-CDA1-4490-B518-62DFCC451FA7}.Profile|x64.Build.0 = Release|Durango
		{8A112040-CDA1-4490-B518-62DFCC451FA7}.Profile|x86.ActiveCfg = Release|Durango
		{8A112040-CDA1-4490-B518-62DFCC451FA7}.Profile|x86.Build.0 = Release|Durango
		{8A112040-CDA1-4490-B518-62DFCC451FA7}.Release|ARM.ActiveCfg = Release|Durango
		{8A112040-CDA1-4490-B518-62DFCC451FA7}.Release|Durango.ActiveCfg = Release|Durango
		{8A112040-CDA1-4490-B518-62DFCC451FA7}.Release|Durango.Build.0 = Release|Durango
		{8A112040-CDA1-4490-B518-62DFCC451FA7}.Release|x64.ActiveCfg = Release|Durango
		{8A112040-CDA1-4490-B518-62DFCC451FA7}.Release|x86.ActiveCfg = Release|Durango
		{E621C269-D177-4C1B-80EA-C0A274B7A151}.Debug|ARM.ActiveCfg = Debug|Durango
		{E621C269-D177-4C1B-80EA-C0A274B7A151}.Debug|Durango.ActiveCfg = Debug|Durango
		{E621C269-D177-4C1B-80EA-C0A274B7A151}.Debug|Durango.Build.0 = Debug|Durango
		{E621C269-D177-4C1B-80EA-C0A274B7A151}.Debug|x64.ActiveCfg = Debug|Durango
		{E621C269-D177-4C1B-80EA-C0A274B7A151}.Debug|x86.ActiveCfg = Debug|Durango
		{E621C269-D177-4C1B-80EA-C0A274B7A151}.Profile|ARM.ActiveCfg = Release|Durango
		{E621C269-D177-4C1B-80EA-C0A274B7A151}.Profile|ARM.Build.0 = Release|Durango
		{E621C269-D177-4C1B-80EA-C0A274B7A151}.Profile|Durango.ActiveCfg = Release|Durango
		{E621C269-D177-4C1B-80EA-C0A274B7A151}.Profile|Durango.Build.0 = Release|Durango
		{E621C269-D177-4C1B-80EA-C0A274B7A151}.Profile|x64.ActiveCfg = Release|Durango
		{E621C269-D177-4C1B-80EA-C0A274B7A151}.Profile|x64.Build.0 = Release|Durango
		{E621C269-D177-4C1B-80EA-C0A274B7A151}.Profile|x86.ActiveCfg = Release|Durango
		{E621C269-D177-4C1B-80EA-C0A274B7A151}.Profile|x86.Build.0 = Release|Durango
		{E621C269-D177-4C1B-80EA-C0A274B7A151}.Release|ARM.ActiveCfg = Release|Durango
		{E621C269-D177-4C1B-80EA-C0A274B7A151}.Release|Durango.ActiveCfg = Release|Durango
		{E621C269-D177-4C1B-80EA-C0A274B7A151}.Release|Durango.Build.0 = Release|Durango
		{E621C269-D177-4C1B-80EA-C0A274B7A151}.Release|x64.ActiveCfg = Release|Durango
		{E621C269-D177-4C1B-80EA-C0A274B7A151}.Release|x86.ActiveCfg = Release|Durango
	EndGlobalSection
	GlobalSection(SolutionProperties) = preSolution
		HideSolutionNode = FALSE
	EndGlobalSection
EndGlobal
