<?xml version="1.0" encoding="utf-8"?>
<Project ToolsVersion="14.0" xmlns="http://schemas.microsoft.com/developer/msbuild/2003">
  <ItemGroup>
    <Filter Include="Common">
      <UniqueIdentifier>{701dee1b-fe71-4541-81d0-09ce8bc32cc6}</UniqueIdentifier>
    </Filter>
    <Filter Include="Mesh">
      <UniqueIdentifier>{5aab2a03-5acf-4d59-83b2-f1da459293ee}</UniqueIdentifier>
    </Filter>
    <Filter Include="MeshPacket">
      <UniqueIdentifier>{26eed8d1-64e7-4dc2-b519-06d3b7321a9d}</UniqueIdentifier>
    </Filter>
    <Filter Include="Utils">
      <UniqueIdentifier>{1bb9ce22-8825-4163-83ef-10327f8ed38d}</UniqueIdentifier>
    </Filter>
  </ItemGroup>
  <ItemGroup>
    <ClCompile Include="common\Configuration.cpp">
      <Filter>Common</Filter>
    </ClCompile>
    <ClCompile Include="common\MeshThread.cpp">
      <Filter>Common</Filter>
    </ClCompile>
    <ClCompile Include="Mesh\MeshConnection.cpp">
      <Filter>Mesh</Filter>
    </ClCompile>
    <ClCompile Include="Mesh\MeshManager.cpp">
      <Filter>Mesh</Filter>
    </ClCompile>
    <ClCompile Include="MeshPacket\MeshPacketManager.cpp">
      <Filter>MeshPacket</Filter>
    </ClCompile>
    <ClCompile Include="MeshPacket\MeshPacketStatistics.cpp">
      <Filter>MeshPacket</Filter>
    </ClCompile>
    <ClCompile Include="MeshPacket\MeshPacketStatisticsForPacketType.cpp">
      <Filter>MeshPacket</Filter>
    </ClCompile>
    <ClCompile Include="Utils\iso8601.cpp">
      <Filter>Utils</Filter>
    </ClCompile>
    <ClCompile Include="Utils\Utils.cpp">
      <Filter>Utils</Filter>
    </ClCompile>
    <ClCompile Include="pch.cpp">
      <Filter>Utils</Filter>
    </ClCompile>
    <ClCompile Include="Mesh\UserMeshConnectionPropertyBag.cpp">
      <Filter>Mesh</Filter>
    </ClCompile>
    <ClCompile Include="MeshPacket\MeshHeartbeatStatisticsForConnection.cpp">
      <Filter>MeshPacket</Filter>
    </ClCompile>
  </ItemGroup>
  <ItemGroup>
    <ClInclude Include="common\Configuration.h">
      <Filter>Common</Filter>
    </ClInclude>
    <ClInclude Include="common\macros.h">
      <Filter>Common</Filter>
    </ClInclude>
    <ClInclude Include="common\MeshThread.h">
      <Filter>Common</Filter>
    </ClInclude>
    <ClInclude Include="common\XboxNetworkMeshDiagnosticsTraceLevel.h">
      <Filter>Common</Filter>
    </ClInclude>
    <ClInclude Include="Mesh\MeshConnection.h">
      <Filter>Mesh</Filter>
    </ClInclude>
    <ClInclude Include="Mesh\MeshEvents.h">
      <Filter>Mesh</Filter>
    </ClInclude>
    <ClInclude Include="Mesh\MeshManager.h">
      <Filter>Mesh</Filter>
    </ClInclude>
    <ClInclude Include="MeshPacket\MeshPacketManager.h">
      <Filter>MeshPacket</Filter>
    </ClInclude>
    <ClInclude Include="MeshPacket\MeshPacketStatistics.h">
      <Filter>MeshPacket</Filter>
    </ClInclude>
    <ClInclude Include="MeshPacket\MeshPacketStatisticsForPacketType.h">
      <Filter>MeshPacket</Filter>
    </ClInclude>
    <ClInclude Include="MeshPacket\MeshPacketStructs.h">
      <Filter>MeshPacket</Filter>
    </ClInclude>
    <ClInclude Include="Utils\Clock.h">
      <Filter>Utils</Filter>
    </ClInclude>
    <ClInclude Include="Utils\iso8601.h">
      <Filter>Utils</Filter>
    </ClInclude>
    <ClInclude Include="Utils\Utils.h">
      <Filter>Utils</Filter>
    </ClInclude>
    <ClInclude Include="pch.h">
      <Filter>Utils</Filter>
    </ClInclude>
    <ClInclude Include="Mesh\UserMeshConnectionPropertyBag.h">
      <Filter>Mesh</Filter>
    </ClInclude>
    <ClInclude Include="MeshPacket\MeshHeartbeatStatisticsForConnection.h">
      <Filter>MeshPacket</Filter>
    </ClInclude>
  </ItemGroup>
</Project>
