<?xml version="1.0" encoding="utf-8"?>
<Project ToolsVersion="14.0" xmlns="http://schemas.microsoft.com/developer/msbuild/2003">
  <ItemGroup>
    <Filter Include="Common">
      <UniqueIdentifier>{40668e48-5670-4c99-af05-8092b6e54c55}</UniqueIdentifier>
    </Filter>
    <Filter Include="MeshPacket">
      <UniqueIdentifier>{7135be5d-6976-41d8-9597-2568527e2eaa}</UniqueIdentifier>
    </Filter>
    <Filter Include="Mesh">
      <UniqueIdentifier>{de86f844-2817-4313-bf1a-59aaf166cb48}</UniqueIdentifier>
    </Filter>
    <Filter Include="Utils">
      <UniqueIdentifier>{208aa7a1-7e56-4172-b031-b6a5c96d7331}</UniqueIdentifier>
    </Filter>
  </ItemGroup>
  <ItemGroup>
    <ClCompile Include="Mesh\MeshManager.cpp">
      <Filter>Mesh</Filter>
    </ClCompile>
    <ClCompile Include="common\Configuration.cpp">
      <Filter>Common</Filter>
    </ClCompile>
    <ClCompile Include="MeshPacket\MeshPacketManager.cpp">
      <Filter>MeshPacket</Filter>
    </ClCompile>
    <ClCompile Include="Mesh\MeshConnection.cpp">
      <Filter>Mesh</Filter>
    </ClCompile>
    <ClCompile Include="MeshPacket\MeshPacketStatistics.cpp">
      <Filter>MeshPacket</Filter>
    </ClCompile>
    <ClCompile Include="MeshPacket\MeshPacketStatisticsForPacketType.cpp">
      <Filter>MeshPacket</Filter>
    </ClCompile>
    <ClCompile Include="Utils\iso8601.cpp">
      <Filter>Utils</Filter>
    </ClCompile>
    <ClCompile Include="pch.cpp">
      <Filter>Utils</Filter>
    </ClCompile>
    <ClCompile Include="Utils\Utils.cpp">
      <Filter>Utils</Filter>
    </ClCompile>
    <ClCompile Include="common\MeshThread.cpp">
      <Filter>Common</Filter>
    </ClCompile>
    <ClCompile Include="Mesh\UserMeshConnectionPropertyBag.cpp">
      <Filter>Mesh</Filter>
    </ClCompile>
    <ClCompile Include="MeshPacket\MeshHeartbeatStatisticsForConnection.cpp">
      <Filter>MeshPacket</Filter>
    </ClCompile>
  </ItemGroup>
  <ItemGroup>
    <ClInclude Include="Mesh\MeshManager.h">
      <Filter>Mesh</Filter>
    </ClInclude>
    <ClInclude Include="common\Configuration.h">
      <Filter>Common</Filter>
    </ClInclude>
    <ClInclude Include="common\macros.h">
      <Filter>Common</Filter>
    </ClInclude>
    <ClInclude Include="common\XboxNetworkMeshDiagnosticsTraceLevel.h">
      <Filter>Common</Filter>
    </ClInclude>
    <ClInclude Include="MeshPacket\MeshPacketStructs.h">
      <Filter>MeshPacket</Filter>
    </ClInclude>
    <ClInclude Include="MeshPacket\MeshPacketManager.h">
      <Filter>MeshPacket</Filter>
    </ClInclude>
    <ClInclude Include="Mesh\MeshConnection.h">
      <Filter>Mesh</Filter>
    </ClInclude>
    <ClInclude Include="Mesh\MeshEvents.h">
      <Filter>Mesh</Filter>
    </ClInclude>
    <ClInclude Include="MeshPacket\MeshPacketStatistics.h">
      <Filter>MeshPacket</Filter>
    </ClInclude>
    <ClInclude Include="MeshPacket\MeshPacketStatisticsForPacketType.h">
      <Filter>MeshPacket</Filter>
    </ClInclude>
    <ClInclude Include="Utils\Clock.h">
      <Filter>Utils</Filter>
    </ClInclude>
    <ClInclude Include="Utils\iso8601.h">
      <Filter>Utils</Filter>
    </ClInclude>
    <ClInclude Include="pch.h">
      <Filter>Utils</Filter>
    </ClInclude>
    <ClInclude Include="Utils\Utils.h">
      <Filter>Utils</Filter>
    </ClInclude>
    <ClInclude Include="common\MeshThread.h">
      <Filter>Common</Filter>
    </ClInclude>
    <ClInclude Include="Mesh\UserMeshConnectionPropertyBag.h">
      <Filter>Mesh</Filter>
    </ClInclude>
    <ClInclude Include="MeshPacket\MeshHeartbeatStatisticsForConnection.h">
      <Filter>MeshPacket</Filter>
    </ClInclude>
  </ItemGroup>
</Project>